// !$*UTF8*$!
{
	archiveVersion = 1;
	classes = {
	};
	objectVersion = 51;
	objects = {

/* Begin PBXBuildFile section */
		93470A1D4586D5734927ED93 /* Pods_Gwin.framework in Frameworks */ = {isa = PBXBuildFile; fileRef = CAEBB42F20B4154F0C30418E /* Pods_Gwin.framework */; };
		D100679D2309AA1F00114F6E /* AppDelegate.swift in Sources */ = {isa = PBXBuildFile; fileRef = D100679C2309AA1F00114F6E /* AppDelegate.swift */; };
		D10067A22309AA1F00114F6E /* Main.storyboard in Resources */ = {isa = PBXBuildFile; fileRef = D10067A02309AA1F00114F6E /* Main.storyboard */; };
		D10067A52309AA1F00114F6E /* Gwin.xcdatamodeld in Sources */ = {isa = PBXBuildFile; fileRef = D10067A32309AA1F00114F6E /* Gwin.xcdatamodeld */; };
		D10067A72309AA2500114F6E /* Assets.xcassets in Resources */ = {isa = PBXBuildFile; fileRef = D10067A62309AA2500114F6E /* Assets.xcassets */; };
		D10067AA2309AA2500114F6E /* LaunchScreen.storyboard in Resources */ = {isa = PBXBuildFile; fileRef = D10067A82309AA2500114F6E /* LaunchScreen.storyboard */; };
		D10067B72309ACB800114F6E /* HomeViewController.swift in Sources */ = {isa = PBXBuildFile; fileRef = D10067B62309ACB800114F6E /* HomeViewController.swift */; };
		D10067BA2309AFC700114F6E /* CarouselView.swift in Sources */ = {isa = PBXBuildFile; fileRef = D10067B92309AFC700114F6E /* CarouselView.swift */; };
		D170F385231440B700468D64 /* ScrollLabel.swift in Sources */ = {isa = PBXBuildFile; fileRef = D170F384231440B700468D64 /* ScrollLabel.swift */; };
		D175C3C5230ADDC0001B8DC6 /* UIView+Utils.swift in Sources */ = {isa = PBXBuildFile; fileRef = D175C3C4230ADDC0001B8DC6 /* UIView+Utils.swift */; };
		D175C47F230BCA42001B8DC6 /* ExampleRouter.swift in Sources */ = {isa = PBXBuildFile; fileRef = D175C47E230BCA42001B8DC6 /* ExampleRouter.swift */; };
		D175C4B9230BCD97001B8DC6 /* Component.swift in Sources */ = {isa = PBXBuildFile; fileRef = D175C4B1230BCCC9001B8DC6 /* Component.swift */; };
		D175C4BA230BCD97001B8DC6 /* EmptyProtocol.swift in Sources */ = {isa = PBXBuildFile; fileRef = D175C4B3230BCCC9001B8DC6 /* EmptyProtocol.swift */; };
		D175C4BB230BCD97001B8DC6 /* Interactor.swift in Sources */ = {isa = PBXBuildFile; fileRef = D175C4AF230BCCC9001B8DC6 /* Interactor.swift */; };
		D175C4BC230BCD97001B8DC6 /* Router.swift in Sources */ = {isa = PBXBuildFile; fileRef = D175C4B2230BCCC9001B8DC6 /* Router.swift */; };
		D175C4BD230BCD97001B8DC6 /* Workflow.swift in Sources */ = {isa = PBXBuildFile; fileRef = D175C4B0230BCCC9001B8DC6 /* Workflow.swift */; };
		D175C4C0230BCE31001B8DC6 /* ExampleViewController.swift in Sources */ = {isa = PBXBuildFile; fileRef = D175C4BF230BCE31001B8DC6 /* ExampleViewController.swift */; };
		D175C4C3230BCFD9001B8DC6 /* ExampleInteractor.swift in Sources */ = {isa = PBXBuildFile; fileRef = D175C4C2230BCFD9001B8DC6 /* ExampleInteractor.swift */; };
		D175C4C6230BD0C4001B8DC6 /* ExampleBuilder.swift in Sources */ = {isa = PBXBuildFile; fileRef = D175C4C5230BD0C4001B8DC6 /* ExampleBuilder.swift */; };
		D175C4CD230BD324001B8DC6 /* LoginViewController.swift in Sources */ = {isa = PBXBuildFile; fileRef = D175C4CB230BD324001B8DC6 /* LoginViewController.swift */; };
		D175C4CE230BD324001B8DC6 /* LoginViewController.xib in Resources */ = {isa = PBXBuildFile; fileRef = D175C4CC230BD324001B8DC6 /* LoginViewController.xib */; };
		D175C4D0230BD4B2001B8DC6 /* LoginBuilder.swift in Sources */ = {isa = PBXBuildFile; fileRef = D175C4CF230BD4B2001B8DC6 /* LoginBuilder.swift */; };
		D175C4D2230BD570001B8DC6 /* LoginRouter.swift in Sources */ = {isa = PBXBuildFile; fileRef = D175C4D1230BD570001B8DC6 /* LoginRouter.swift */; };
		D175C4D4230BD5A1001B8DC6 /* LoginInteractor.swift in Sources */ = {isa = PBXBuildFile; fileRef = D175C4D3230BD5A1001B8DC6 /* LoginInteractor.swift */; };
		D175C4D7230BE84B001B8DC6 /* UserAPIRouter.swift in Sources */ = {isa = PBXBuildFile; fileRef = D175C4D6230BE84B001B8DC6 /* UserAPIRouter.swift */; };
		D175C4DA230C03E8001B8DC6 /* UserAPIClient.swift in Sources */ = {isa = PBXBuildFile; fileRef = D175C4D9230C03E8001B8DC6 /* UserAPIClient.swift */; };
		D175C4DC230C0487001B8DC6 /* User.swift in Sources */ = {isa = PBXBuildFile; fileRef = D175C4DB230C0487001B8DC6 /* User.swift */; };
		D175C4E2230C1A53001B8DC6 /* UserInfo.swift in Sources */ = {isa = PBXBuildFile; fileRef = D175C4E1230C1A53001B8DC6 /* UserInfo.swift */; };
		D175C4E7230C2177001B8DC6 /* WellcomeViewController.swift in Sources */ = {isa = PBXBuildFile; fileRef = D175C4E5230C2177001B8DC6 /* WellcomeViewController.swift */; };
		D175C4E8230C2177001B8DC6 /* WellcomeViewController.xib in Resources */ = {isa = PBXBuildFile; fileRef = D175C4E6230C2177001B8DC6 /* WellcomeViewController.xib */; };
		D175C4EB230C29A3001B8DC6 /* ScreenManager.swift in Sources */ = {isa = PBXBuildFile; fileRef = D175C4EA230C29A3001B8DC6 /* ScreenManager.swift */; };
		D175C4EE230C35CE001B8DC6 /* RegisterViewController.swift in Sources */ = {isa = PBXBuildFile; fileRef = D175C4EC230C35CE001B8DC6 /* RegisterViewController.swift */; };
		D175C4EF230C35CE001B8DC6 /* RegisterViewController.xib in Resources */ = {isa = PBXBuildFile; fileRef = D175C4ED230C35CE001B8DC6 /* RegisterViewController.xib */; };
		D175C4F1230C36B3001B8DC6 /* KeyboardLayoutConstraint.swift in Sources */ = {isa = PBXBuildFile; fileRef = D175C4F0230C36B3001B8DC6 /* KeyboardLayoutConstraint.swift */; };
		D175C4F3230C552F001B8DC6 /* UserDefaultManager.swift in Sources */ = {isa = PBXBuildFile; fileRef = D175C4F2230C552F001B8DC6 /* UserDefaultManager.swift */; };
		D175C4F6230CF60F001B8DC6 /* NoticeAPIRouter.swift in Sources */ = {isa = PBXBuildFile; fileRef = D175C4F5230CF60F001B8DC6 /* NoticeAPIRouter.swift */; };
		D175C4F8230CF823001B8DC6 /* NoticeAPIClient.swift in Sources */ = {isa = PBXBuildFile; fileRef = D175C4F7230CF823001B8DC6 /* NoticeAPIClient.swift */; };
		D175C4FA230CFA9D001B8DC6 /* HomeInteractor.swift in Sources */ = {isa = PBXBuildFile; fileRef = D175C4F9230CFA9D001B8DC6 /* HomeInteractor.swift */; };
		D175C4FC230CFB7F001B8DC6 /* HomeRouter.swift in Sources */ = {isa = PBXBuildFile; fileRef = D175C4FB230CFB7F001B8DC6 /* HomeRouter.swift */; };
		D175C525230D0DCA001B8DC6 /* HomeViewComponent.swift in Sources */ = {isa = PBXBuildFile; fileRef = D175C524230D0DCA001B8DC6 /* HomeViewComponent.swift */; };
		D175C527230D0E46001B8DC6 /* HomeBuilder.swift in Sources */ = {isa = PBXBuildFile; fileRef = D175C526230D0E46001B8DC6 /* HomeBuilder.swift */; };
		D175C529230D1036001B8DC6 /* RedEnvelopTabbarController.swift in Sources */ = {isa = PBXBuildFile; fileRef = D175C528230D1036001B8DC6 /* RedEnvelopTabbarController.swift */; };
		D194BD85231A4D2D00AB59C3 /* GrabBullPackageViewController.swift in Sources */ = {isa = PBXBuildFile; fileRef = D194BD83231A4D2D00AB59C3 /* GrabBullPackageViewController.swift */; };
		D194BD86231A4D2D00AB59C3 /* GrabBullPackageViewController.xib in Resources */ = {isa = PBXBuildFile; fileRef = D194BD84231A4D2D00AB59C3 /* GrabBullPackageViewController.xib */; };
		D194BD8B231AB9BD00AB59C3 /* BulllPackageInfoViewController.swift in Sources */ = {isa = PBXBuildFile; fileRef = D194BD89231AB9BD00AB59C3 /* BulllPackageInfoViewController.swift */; };
		D194BD8C231AB9BD00AB59C3 /* BulllPackageInfoViewController.xib in Resources */ = {isa = PBXBuildFile; fileRef = D194BD8A231AB9BD00AB59C3 /* BulllPackageInfoViewController.xib */; };
		D194BD8F231ABE5A00AB59C3 /* BetDetailiewCell.swift in Sources */ = {isa = PBXBuildFile; fileRef = D194BD8D231ABE5A00AB59C3 /* BetDetailiewCell.swift */; };
		D194BD90231ABE5A00AB59C3 /* BetDetailiewCell.xib in Resources */ = {isa = PBXBuildFile; fileRef = D194BD8E231ABE5A00AB59C3 /* BetDetailiewCell.xib */; };
		D194BD92231BB85300AB59C3 /* BullModel.swift in Sources */ = {isa = PBXBuildFile; fileRef = D194BD91231BB85300AB59C3 /* BullModel.swift */; };
		D194BD95231BC18700AB59C3 /* UploadImageViewController.swift in Sources */ = {isa = PBXBuildFile; fileRef = D194BD93231BC18700AB59C3 /* UploadImageViewController.swift */; };
		D194BD96231BC18700AB59C3 /* UploadImageViewController.xib in Resources */ = {isa = PBXBuildFile; fileRef = D194BD94231BC18700AB59C3 /* UploadImageViewController.xib */; };
		D1D06F1E231D1FCA00BBEDAE /* BankerViewController.swift in Sources */ = {isa = PBXBuildFile; fileRef = D1D06F1C231D1FCA00BBEDAE /* BankerViewController.swift */; };
		D1D06F1F231D1FCA00BBEDAE /* BankerViewController.xib in Resources */ = {isa = PBXBuildFile; fileRef = D1D06F1D231D1FCA00BBEDAE /* BankerViewController.xib */; };
		D1D06F22231D247500BBEDAE /* BankerViewCell.swift in Sources */ = {isa = PBXBuildFile; fileRef = D1D06F20231D247500BBEDAE /* BankerViewCell.swift */; };
		D1D06F23231D247500BBEDAE /* BankerViewCell.xib in Resources */ = {isa = PBXBuildFile; fileRef = D1D06F21231D247500BBEDAE /* BankerViewCell.xib */; };
		D1D06F9F231E67FC00BBEDAE /* SoundManager.swift in Sources */ = {isa = PBXBuildFile; fileRef = D1D06F9E231E67FC00BBEDAE /* SoundManager.swift */; };
		D1D06FA2231E779B00BBEDAE /* bip.mp3 in Resources */ = {isa = PBXBuildFile; fileRef = D1D06FA0231E779B00BBEDAE /* bip.mp3 */; };
		D1D06FA3231E779B00BBEDAE /* betchip.mp3 in Resources */ = {isa = PBXBuildFile; fileRef = D1D06FA1231E779B00BBEDAE /* betchip.mp3 */; };
		D1E00B72230D8F0E00554CA4 /* LobbyItemView.swift in Sources */ = {isa = PBXBuildFile; fileRef = D1E00B71230D8F0E00554CA4 /* LobbyItemView.swift */; };
		D1E00B75230D990E00554CA4 /* LobbyJson.json in Resources */ = {isa = PBXBuildFile; fileRef = D1E00B74230D950E00554CA4 /* LobbyJson.json */; };
		D1E00B79230DA05200554CA4 /* WebContainerController.swift in Sources */ = {isa = PBXBuildFile; fileRef = D1E00B78230DA05200554CA4 /* WebContainerController.swift */; };
		D1E00CFD230E931D00554CA4 /* RedEnvelopAPIRouter.swift in Sources */ = {isa = PBXBuildFile; fileRef = D1E00CFC230E931D00554CA4 /* RedEnvelopAPIRouter.swift */; };
		D1E00CFF230E932F00554CA4 /* RedEnvelopAPIClient.swift in Sources */ = {isa = PBXBuildFile; fileRef = D1E00CFE230E932F00554CA4 /* RedEnvelopAPIClient.swift */; };
		D1E00D01230E9CFC00554CA4 /* RoomModel.swift in Sources */ = {isa = PBXBuildFile; fileRef = D1E00D00230E9CFC00554CA4 /* RoomModel.swift */; };
		D1E00D04230EC0A000554CA4 /* ProfileViewController.swift in Sources */ = {isa = PBXBuildFile; fileRef = D1E00D03230EC0A000554CA4 /* ProfileViewController.swift */; };
		D1E00D06230EDF1D00554CA4 /* ProfileItemViewCell.swift in Sources */ = {isa = PBXBuildFile; fileRef = D1E00D05230EDF1D00554CA4 /* ProfileItemViewCell.swift */; };
		D1E00D0B230EEE4F00554CA4 /* ProfileItems.json in Resources */ = {isa = PBXBuildFile; fileRef = D1E00D0A230EEE4F00554CA4 /* ProfileItems.json */; };
		D1E00D46230F9DDD00554CA4 /* RedEnvelopeViewController.swift in Sources */ = {isa = PBXBuildFile; fileRef = D1E00D45230F9DDD00554CA4 /* RedEnvelopeViewController.swift */; };
		D1E00D6E230FCFD600554CA4 /* GameItemCell.swift in Sources */ = {isa = PBXBuildFile; fileRef = D1E00D6D230FCFD600554CA4 /* GameItemCell.swift */; };
		D1E00D71230FD79E00554CA4 /* BullAPIRouter.swift in Sources */ = {isa = PBXBuildFile; fileRef = D1E00D70230FD79E00554CA4 /* BullAPIRouter.swift */; };
		D1E00D73230FDCB800554CA4 /* BullAPIClient.swift in Sources */ = {isa = PBXBuildFile; fileRef = D1E00D72230FDCB800554CA4 /* BullAPIClient.swift */; };
		D1E00D75230FDEEC00554CA4 /* BullRoundModel.swift in Sources */ = {isa = PBXBuildFile; fileRef = D1E00D74230FDEEC00554CA4 /* BullRoundModel.swift */; };
		D1E00D77230FE11900554CA4 /* BankSettingModel.swift in Sources */ = {isa = PBXBuildFile; fileRef = D1E00D76230FE11900554CA4 /* BankSettingModel.swift */; };
		D1E00D79230FE5F600554CA4 /* BullPackageModel.swift in Sources */ = {isa = PBXBuildFile; fileRef = D1E00D78230FE5F600554CA4 /* BullPackageModel.swift */; };
		D1E00D7B230FE89700554CA4 /* GrabUserModel.swift in Sources */ = {isa = PBXBuildFile; fileRef = D1E00D7A230FE89700554CA4 /* GrabUserModel.swift */; };
		D1E00D7D230FEAFB00554CA4 /* BullPackageHistoryModel.swift in Sources */ = {isa = PBXBuildFile; fileRef = D1E00D7C230FEAFB00554CA4 /* BullPackageHistoryModel.swift */; };
		D1E00D7F230FEBBE00554CA4 /* BullHistoryModel.swift in Sources */ = {isa = PBXBuildFile; fileRef = D1E00D7E230FEBBE00554CA4 /* BullHistoryModel.swift */; };
		D1E00D81230FEC1C00554CA4 /* BullWagerInfoModel.swift in Sources */ = {isa = PBXBuildFile; fileRef = D1E00D80230FEC1C00554CA4 /* BullWagerInfoModel.swift */; };
		D1E00D83230FED7B00554CA4 /* BullBetDetailModel.swift in Sources */ = {isa = PBXBuildFile; fileRef = D1E00D82230FED7B00554CA4 /* BullBetDetailModel.swift */; };
		D1E00D85230FEE0800554CA4 /* BullWagerOddModel.swift in Sources */ = {isa = PBXBuildFile; fileRef = D1E00D84230FEE0800554CA4 /* BullWagerOddModel.swift */; };
		D1E00D8823102A6700554CA4 /* LaunchViewController.swift in Sources */ = {isa = PBXBuildFile; fileRef = D1E00D8623102A6700554CA4 /* LaunchViewController.swift */; };
		D1E00D8923102A6700554CA4 /* LaunchViewController.xib in Resources */ = {isa = PBXBuildFile; fileRef = D1E00D8723102A6700554CA4 /* LaunchViewController.xib */; };
		D1E00D8B23102D7300554CA4 /* PackageInfoModel.swift in Sources */ = {isa = PBXBuildFile; fileRef = D1E00D8A23102D7300554CA4 /* PackageInfoModel.swift */; };
		D1E00D8D23102F2B00554CA4 /* PackageHistoryModel.swift in Sources */ = {isa = PBXBuildFile; fileRef = D1E00D8C23102F2B00554CA4 /* PackageHistoryModel.swift */; };
		D1E00D8F2310447E00554CA4 /* BaseViewController.swift in Sources */ = {isa = PBXBuildFile; fileRef = D1E00D8E2310447E00554CA4 /* BaseViewController.swift */; };
		D1E00D912310EBC100554CA4 /* RoomDetailViewController.swift in Sources */ = {isa = PBXBuildFile; fileRef = D1E00D902310EBC100554CA4 /* RoomDetailViewController.swift */; };
		D1E00D9623110A7100554CA4 /* PackageHistoryLeftViewCell.swift in Sources */ = {isa = PBXBuildFile; fileRef = D1E00D9423110A7100554CA4 /* PackageHistoryLeftViewCell.swift */; };
		D1E00D9723110A7100554CA4 /* PackageHistoryLeftViewCell.xib in Resources */ = {isa = PBXBuildFile; fileRef = D1E00D9523110A7100554CA4 /* PackageHistoryLeftViewCell.xib */; };
		D1E00D9A23110A8C00554CA4 /* PackageHistoryRightViewCell.swift in Sources */ = {isa = PBXBuildFile; fileRef = D1E00D9823110A8C00554CA4 /* PackageHistoryRightViewCell.swift */; };
		D1E00D9B23110A8C00554CA4 /* PackageHistoryRightViewCell.xib in Resources */ = {isa = PBXBuildFile; fileRef = D1E00D9923110A8C00554CA4 /* PackageHistoryRightViewCell.xib */; };
		D1E00D9E2311115200554CA4 /* CreateEnvelopViewController.swift in Sources */ = {isa = PBXBuildFile; fileRef = D1E00D9C2311115200554CA4 /* CreateEnvelopViewController.swift */; };
		D1E00D9F2311115200554CA4 /* CreateEnvelopViewController.xib in Resources */ = {isa = PBXBuildFile; fileRef = D1E00D9D2311115200554CA4 /* CreateEnvelopViewController.xib */; };
		D1E00DA2231119AC00554CA4 /* PackageInfoViewController.swift in Sources */ = {isa = PBXBuildFile; fileRef = D1E00DA0231119AC00554CA4 /* PackageInfoViewController.swift */; };
		D1E00DA3231119AC00554CA4 /* PackageInfoViewController.xib in Resources */ = {isa = PBXBuildFile; fileRef = D1E00DA1231119AC00554CA4 /* PackageInfoViewController.xib */; };
		D1E00DA62311302E00554CA4 /* CreateEnvelopType2ViewController.swift in Sources */ = {isa = PBXBuildFile; fileRef = D1E00DA42311302E00554CA4 /* CreateEnvelopType2ViewController.swift */; };
		D1E00DA72311302E00554CA4 /* CreateEnvelopType2ViewController.xib in Resources */ = {isa = PBXBuildFile; fileRef = D1E00DA52311302E00554CA4 /* CreateEnvelopType2ViewController.xib */; };
		D1E00DAA23116F4700554CA4 /* GrabEnvelopViewController.swift in Sources */ = {isa = PBXBuildFile; fileRef = D1E00DA823116F4700554CA4 /* GrabEnvelopViewController.swift */; };
		D1E00DAB23116F4700554CA4 /* GrabEnvelopViewController.xib in Resources */ = {isa = PBXBuildFile; fileRef = D1E00DA923116F4700554CA4 /* GrabEnvelopViewController.xib */; };
		D1E00DAD23118C7100554CA4 /* ImageManager.swift in Sources */ = {isa = PBXBuildFile; fileRef = D1E00DAC23118C7100554CA4 /* ImageManager.swift */; };
		D1E00DAF231279B000554CA4 /* MessagePopupController.swift in Sources */ = {isa = PBXBuildFile; fileRef = D1E00DAE231279B000554CA4 /* MessagePopupController.swift */; };
		D1E00DB12312CEA600554CA4 /* TitleStackView.swift in Sources */ = {isa = PBXBuildFile; fileRef = D1E00DB02312CEA500554CA4 /* TitleStackView.swift */; };
		D1E00DB32312D26400554CA4 /* UITextFieldPadding.swift in Sources */ = {isa = PBXBuildFile; fileRef = D1E00DB22312D26400554CA4 /* UITextFieldPadding.swift */; };
		D1E00DB72312DC8600554CA4 /* GrabUserViewCell.swift in Sources */ = {isa = PBXBuildFile; fileRef = D1E00DB52312DC8600554CA4 /* GrabUserViewCell.swift */; };
		D1E00DB82312DC8600554CA4 /* GrabUserViewCell.xib in Resources */ = {isa = PBXBuildFile; fileRef = D1E00DB62312DC8600554CA4 /* GrabUserViewCell.xib */; };
		D1E00DBA2313881000554CA4 /* LocalDataManager.swift in Sources */ = {isa = PBXBuildFile; fileRef = D1E00DB92313881000554CA4 /* LocalDataManager.swift */; };
		D1E00DBD2313B77F00554CA4 /* GameRoomViewController.swift in Sources */ = {isa = PBXBuildFile; fileRef = D1E00DBC2313B77F00554CA4 /* GameRoomViewController.swift */; };
		D1E00DBF23140E4300554CA4 /* QuartzCore.framework in Frameworks */ = {isa = PBXBuildFile; fileRef = D1E00DBE23140E3200554CA4 /* QuartzCore.framework */; };
		D1EA0E6C23163B340096B7D1 /* LotteryViewController.swift in Sources */ = {isa = PBXBuildFile; fileRef = D1EA0E6B23163B340096B7D1 /* LotteryViewController.swift */; };
		D1EA0E6E231659290096B7D1 /* BullBottomView.swift in Sources */ = {isa = PBXBuildFile; fileRef = D1EA0E6D231659290096B7D1 /* BullBottomView.swift */; };
		D1EA0EB723177F4F0096B7D1 /* BullDetailViewController.swift in Sources */ = {isa = PBXBuildFile; fileRef = D1EA0EB523177F4F0096B7D1 /* BullDetailViewController.swift */; };
		D1EA0EB823177F4F0096B7D1 /* BullDetailViewController.xib in Resources */ = {isa = PBXBuildFile; fileRef = D1EA0EB623177F4F0096B7D1 /* BullDetailViewController.xib */; };
		D1EA0EBB2317B0E70096B7D1 /* GrabBankerViewController.swift in Sources */ = {isa = PBXBuildFile; fileRef = D1EA0EB92317B0E70096B7D1 /* GrabBankerViewController.swift */; };
		D1EA0EBC2317B0E70096B7D1 /* GrabBankerViewController.xib in Resources */ = {isa = PBXBuildFile; fileRef = D1EA0EBA2317B0E70096B7D1 /* GrabBankerViewController.xib */; };
		D1EA0EBE2317B4980096B7D1 /* BankGetModel.swift in Sources */ = {isa = PBXBuildFile; fileRef = D1EA0EBD2317B4980096B7D1 /* BankGetModel.swift */; };
		D1EA0F01231815770096B7D1 /* BankSettingViewCell.swift in Sources */ = {isa = PBXBuildFile; fileRef = D1EA0EFF231815770096B7D1 /* BankSettingViewCell.swift */; };
		D1EA0F02231815770096B7D1 /* BankSettingViewCell.xib in Resources */ = {isa = PBXBuildFile; fileRef = D1EA0F00231815770096B7D1 /* BankSettingViewCell.xib */; };
		D1EA0F05231827090096B7D1 /* BetBullViewController.swift in Sources */ = {isa = PBXBuildFile; fileRef = D1EA0F03231827090096B7D1 /* BetBullViewController.swift */; };
		D1EA0F06231827090096B7D1 /* BetBullViewController.xib in Resources */ = {isa = PBXBuildFile; fileRef = D1EA0F04231827090096B7D1 /* BetBullViewController.xib */; };
		D1EA0F092318373F0096B7D1 /* WagerOddViewCell.swift in Sources */ = {isa = PBXBuildFile; fileRef = D1EA0F072318373F0096B7D1 /* WagerOddViewCell.swift */; };
		D1EA0F0A2318373F0096B7D1 /* WagerOddViewCell.xib in Resources */ = {isa = PBXBuildFile; fileRef = D1EA0F082318373F0096B7D1 /* WagerOddViewCell.xib */; };
		D1EA0F0C231838620096B7D1 /* WagerOddUtils.swift in Sources */ = {isa = PBXBuildFile; fileRef = D1EA0F0B231838620096B7D1 /* WagerOddUtils.swift */; };
		D1EA0F7423190AB90096B7D1 /* WagerOdds.json in Resources */ = {isa = PBXBuildFile; fileRef = D1EA0F0D23183AE40096B7D1 /* WagerOdds.json */; };
		D1EA0F7723190D860096B7D1 /* BetCasinoViewController.swift in Sources */ = {isa = PBXBuildFile; fileRef = D1EA0F7523190D860096B7D1 /* BetCasinoViewController.swift */; };
		D1EA0F7823190D860096B7D1 /* BetCasinoViewController.xib in Resources */ = {isa = PBXBuildFile; fileRef = D1EA0F7623190D860096B7D1 /* BetCasinoViewController.xib */; };
		D1EA0FA32319375E0096B7D1 /* BetOtherViewCell.swift in Sources */ = {isa = PBXBuildFile; fileRef = D1EA0FA12319375E0096B7D1 /* BetOtherViewCell.swift */; };
		D1EA0FA42319375E0096B7D1 /* BetOtherViewCell.xib in Resources */ = {isa = PBXBuildFile; fileRef = D1EA0FA22319375E0096B7D1 /* BetOtherViewCell.xib */; };
		D1EA0FA72319525C0096B7D1 /* BullInfoModel.swift in Sources */ = {isa = PBXBuildFile; fileRef = D1EA0FA62319525C0096B7D1 /* BullInfoModel.swift */; };
/* End PBXBuildFile section */

/* Begin PBXFileReference section */
		C32D98C07F93022F3241400A /* Pods-Gwin.debug.xcconfig */ = {isa = PBXFileReference; includeInIndex = 1; lastKnownFileType = text.xcconfig; name = "Pods-Gwin.debug.xcconfig"; path = "Target Support Files/Pods-Gwin/Pods-Gwin.debug.xcconfig"; sourceTree = "<group>"; };
		CAEBB42F20B4154F0C30418E /* Pods_Gwin.framework */ = {isa = PBXFileReference; explicitFileType = wrapper.framework; includeInIndex = 0; path = Pods_Gwin.framework; sourceTree = BUILT_PRODUCTS_DIR; };
		D10067992309AA1E00114F6E /* Gwin.app */ = {isa = PBXFileReference; explicitFileType = wrapper.application; includeInIndex = 0; path = Gwin.app; sourceTree = BUILT_PRODUCTS_DIR; };
		D100679C2309AA1F00114F6E /* AppDelegate.swift */ = {isa = PBXFileReference; lastKnownFileType = sourcecode.swift; path = AppDelegate.swift; sourceTree = "<group>"; };
		D10067A12309AA1F00114F6E /* Base */ = {isa = PBXFileReference; lastKnownFileType = file.storyboard; name = Base; path = Base.lproj/Main.storyboard; sourceTree = "<group>"; };
		D10067A42309AA1F00114F6E /* Gwin.xcdatamodel */ = {isa = PBXFileReference; lastKnownFileType = wrapper.xcdatamodel; path = Gwin.xcdatamodel; sourceTree = "<group>"; };
		D10067A62309AA2500114F6E /* Assets.xcassets */ = {isa = PBXFileReference; lastKnownFileType = folder.assetcatalog; path = Assets.xcassets; sourceTree = "<group>"; };
		D10067A92309AA2500114F6E /* Base */ = {isa = PBXFileReference; lastKnownFileType = file.storyboard; name = Base; path = Base.lproj/LaunchScreen.storyboard; sourceTree = "<group>"; };
		D10067AB2309AA2500114F6E /* Info.plist */ = {isa = PBXFileReference; lastKnownFileType = text.plist.xml; path = Info.plist; sourceTree = "<group>"; };
		D10067B62309ACB800114F6E /* HomeViewController.swift */ = {isa = PBXFileReference; lastKnownFileType = sourcecode.swift; path = HomeViewController.swift; sourceTree = "<group>"; };
		D10067B92309AFC700114F6E /* CarouselView.swift */ = {isa = PBXFileReference; lastKnownFileType = sourcecode.swift; path = CarouselView.swift; sourceTree = "<group>"; };
		D170F384231440B700468D64 /* ScrollLabel.swift */ = {isa = PBXFileReference; lastKnownFileType = sourcecode.swift; path = ScrollLabel.swift; sourceTree = "<group>"; };
		D175C3C4230ADDC0001B8DC6 /* UIView+Utils.swift */ = {isa = PBXFileReference; lastKnownFileType = sourcecode.swift; path = "UIView+Utils.swift"; sourceTree = "<group>"; };
		D175C47E230BCA42001B8DC6 /* ExampleRouter.swift */ = {isa = PBXFileReference; lastKnownFileType = sourcecode.swift; path = ExampleRouter.swift; sourceTree = "<group>"; };
		D175C4AF230BCCC9001B8DC6 /* Interactor.swift */ = {isa = PBXFileReference; fileEncoding = 4; lastKnownFileType = sourcecode.swift; path = Interactor.swift; sourceTree = "<group>"; };
		D175C4B0230BCCC9001B8DC6 /* Workflow.swift */ = {isa = PBXFileReference; fileEncoding = 4; lastKnownFileType = sourcecode.swift; path = Workflow.swift; sourceTree = "<group>"; };
		D175C4B1230BCCC9001B8DC6 /* Component.swift */ = {isa = PBXFileReference; fileEncoding = 4; lastKnownFileType = sourcecode.swift; path = Component.swift; sourceTree = "<group>"; };
		D175C4B2230BCCC9001B8DC6 /* Router.swift */ = {isa = PBXFileReference; fileEncoding = 4; lastKnownFileType = sourcecode.swift; path = Router.swift; sourceTree = "<group>"; };
		D175C4B3230BCCC9001B8DC6 /* EmptyProtocol.swift */ = {isa = PBXFileReference; fileEncoding = 4; lastKnownFileType = sourcecode.swift; path = EmptyProtocol.swift; sourceTree = "<group>"; };
		D175C4BF230BCE31001B8DC6 /* ExampleViewController.swift */ = {isa = PBXFileReference; lastKnownFileType = sourcecode.swift; path = ExampleViewController.swift; sourceTree = "<group>"; };
		D175C4C2230BCFD9001B8DC6 /* ExampleInteractor.swift */ = {isa = PBXFileReference; lastKnownFileType = sourcecode.swift; path = ExampleInteractor.swift; sourceTree = "<group>"; };
		D175C4C5230BD0C4001B8DC6 /* ExampleBuilder.swift */ = {isa = PBXFileReference; lastKnownFileType = sourcecode.swift; path = ExampleBuilder.swift; sourceTree = "<group>"; };
		D175C4CB230BD324001B8DC6 /* LoginViewController.swift */ = {isa = PBXFileReference; lastKnownFileType = sourcecode.swift; path = LoginViewController.swift; sourceTree = "<group>"; };
		D175C4CC230BD324001B8DC6 /* LoginViewController.xib */ = {isa = PBXFileReference; lastKnownFileType = file.xib; path = LoginViewController.xib; sourceTree = "<group>"; };
		D175C4CF230BD4B2001B8DC6 /* LoginBuilder.swift */ = {isa = PBXFileReference; lastKnownFileType = sourcecode.swift; path = LoginBuilder.swift; sourceTree = "<group>"; };
		D175C4D1230BD570001B8DC6 /* LoginRouter.swift */ = {isa = PBXFileReference; lastKnownFileType = sourcecode.swift; path = LoginRouter.swift; sourceTree = "<group>"; };
		D175C4D3230BD5A1001B8DC6 /* LoginInteractor.swift */ = {isa = PBXFileReference; lastKnownFileType = sourcecode.swift; path = LoginInteractor.swift; sourceTree = "<group>"; };
		D175C4D6230BE84B001B8DC6 /* UserAPIRouter.swift */ = {isa = PBXFileReference; lastKnownFileType = sourcecode.swift; path = UserAPIRouter.swift; sourceTree = "<group>"; };
		D175C4D9230C03E8001B8DC6 /* UserAPIClient.swift */ = {isa = PBXFileReference; lastKnownFileType = sourcecode.swift; path = UserAPIClient.swift; sourceTree = "<group>"; };
		D175C4DB230C0487001B8DC6 /* User.swift */ = {isa = PBXFileReference; lastKnownFileType = sourcecode.swift; path = User.swift; sourceTree = "<group>"; };
		D175C4E1230C1A53001B8DC6 /* UserInfo.swift */ = {isa = PBXFileReference; lastKnownFileType = sourcecode.swift; path = UserInfo.swift; sourceTree = "<group>"; };
		D175C4E5230C2177001B8DC6 /* WellcomeViewController.swift */ = {isa = PBXFileReference; lastKnownFileType = sourcecode.swift; path = WellcomeViewController.swift; sourceTree = "<group>"; };
		D175C4E6230C2177001B8DC6 /* WellcomeViewController.xib */ = {isa = PBXFileReference; lastKnownFileType = file.xib; path = WellcomeViewController.xib; sourceTree = "<group>"; };
		D175C4EA230C29A3001B8DC6 /* ScreenManager.swift */ = {isa = PBXFileReference; lastKnownFileType = sourcecode.swift; path = ScreenManager.swift; sourceTree = "<group>"; };
		D175C4EC230C35CE001B8DC6 /* RegisterViewController.swift */ = {isa = PBXFileReference; lastKnownFileType = sourcecode.swift; path = RegisterViewController.swift; sourceTree = "<group>"; };
		D175C4ED230C35CE001B8DC6 /* RegisterViewController.xib */ = {isa = PBXFileReference; lastKnownFileType = file.xib; path = RegisterViewController.xib; sourceTree = "<group>"; };
		D175C4F0230C36B3001B8DC6 /* KeyboardLayoutConstraint.swift */ = {isa = PBXFileReference; lastKnownFileType = sourcecode.swift; path = KeyboardLayoutConstraint.swift; sourceTree = "<group>"; };
		D175C4F2230C552F001B8DC6 /* UserDefaultManager.swift */ = {isa = PBXFileReference; lastKnownFileType = sourcecode.swift; path = UserDefaultManager.swift; sourceTree = "<group>"; };
		D175C4F5230CF60F001B8DC6 /* NoticeAPIRouter.swift */ = {isa = PBXFileReference; lastKnownFileType = sourcecode.swift; path = NoticeAPIRouter.swift; sourceTree = "<group>"; };
		D175C4F7230CF823001B8DC6 /* NoticeAPIClient.swift */ = {isa = PBXFileReference; lastKnownFileType = sourcecode.swift; path = NoticeAPIClient.swift; sourceTree = "<group>"; };
		D175C4F9230CFA9D001B8DC6 /* HomeInteractor.swift */ = {isa = PBXFileReference; lastKnownFileType = sourcecode.swift; path = HomeInteractor.swift; sourceTree = "<group>"; };
		D175C4FB230CFB7F001B8DC6 /* HomeRouter.swift */ = {isa = PBXFileReference; lastKnownFileType = sourcecode.swift; path = HomeRouter.swift; sourceTree = "<group>"; };
		D175C524230D0DCA001B8DC6 /* HomeViewComponent.swift */ = {isa = PBXFileReference; lastKnownFileType = sourcecode.swift; path = HomeViewComponent.swift; sourceTree = "<group>"; };
		D175C526230D0E46001B8DC6 /* HomeBuilder.swift */ = {isa = PBXFileReference; lastKnownFileType = sourcecode.swift; path = HomeBuilder.swift; sourceTree = "<group>"; };
		D175C528230D1036001B8DC6 /* RedEnvelopTabbarController.swift */ = {isa = PBXFileReference; lastKnownFileType = sourcecode.swift; path = RedEnvelopTabbarController.swift; sourceTree = "<group>"; };
		D194BD83231A4D2D00AB59C3 /* GrabBullPackageViewController.swift */ = {isa = PBXFileReference; lastKnownFileType = sourcecode.swift; path = GrabBullPackageViewController.swift; sourceTree = "<group>"; };
		D194BD84231A4D2D00AB59C3 /* GrabBullPackageViewController.xib */ = {isa = PBXFileReference; lastKnownFileType = file.xib; path = GrabBullPackageViewController.xib; sourceTree = "<group>"; };
		D194BD89231AB9BD00AB59C3 /* BulllPackageInfoViewController.swift */ = {isa = PBXFileReference; lastKnownFileType = sourcecode.swift; path = BulllPackageInfoViewController.swift; sourceTree = "<group>"; };
		D194BD8A231AB9BD00AB59C3 /* BulllPackageInfoViewController.xib */ = {isa = PBXFileReference; lastKnownFileType = file.xib; path = BulllPackageInfoViewController.xib; sourceTree = "<group>"; };
		D194BD8D231ABE5A00AB59C3 /* BetDetailiewCell.swift */ = {isa = PBXFileReference; lastKnownFileType = sourcecode.swift; path = BetDetailiewCell.swift; sourceTree = "<group>"; };
		D194BD8E231ABE5A00AB59C3 /* BetDetailiewCell.xib */ = {isa = PBXFileReference; lastKnownFileType = file.xib; path = BetDetailiewCell.xib; sourceTree = "<group>"; };
		D194BD91231BB85300AB59C3 /* BullModel.swift */ = {isa = PBXFileReference; lastKnownFileType = sourcecode.swift; path = BullModel.swift; sourceTree = "<group>"; };
		D194BD93231BC18700AB59C3 /* UploadImageViewController.swift */ = {isa = PBXFileReference; lastKnownFileType = sourcecode.swift; path = UploadImageViewController.swift; sourceTree = "<group>"; };
		D194BD94231BC18700AB59C3 /* UploadImageViewController.xib */ = {isa = PBXFileReference; lastKnownFileType = file.xib; path = UploadImageViewController.xib; sourceTree = "<group>"; };
		D1D06F1C231D1FCA00BBEDAE /* BankerViewController.swift */ = {isa = PBXFileReference; lastKnownFileType = sourcecode.swift; path = BankerViewController.swift; sourceTree = "<group>"; };
		D1D06F1D231D1FCA00BBEDAE /* BankerViewController.xib */ = {isa = PBXFileReference; lastKnownFileType = file.xib; path = BankerViewController.xib; sourceTree = "<group>"; };
		D1D06F20231D247500BBEDAE /* BankerViewCell.swift */ = {isa = PBXFileReference; lastKnownFileType = sourcecode.swift; path = BankerViewCell.swift; sourceTree = "<group>"; };
		D1D06F21231D247500BBEDAE /* BankerViewCell.xib */ = {isa = PBXFileReference; lastKnownFileType = file.xib; path = BankerViewCell.xib; sourceTree = "<group>"; };
		D1D06F9E231E67FC00BBEDAE /* SoundManager.swift */ = {isa = PBXFileReference; lastKnownFileType = sourcecode.swift; path = SoundManager.swift; sourceTree = "<group>"; };
		D1D06FA0231E779B00BBEDAE /* bip.mp3 */ = {isa = PBXFileReference; lastKnownFileType = audio.mp3; path = bip.mp3; sourceTree = "<group>"; };
		D1D06FA1231E779B00BBEDAE /* betchip.mp3 */ = {isa = PBXFileReference; lastKnownFileType = audio.mp3; path = betchip.mp3; sourceTree = "<group>"; };
		D1E00B71230D8F0E00554CA4 /* LobbyItemView.swift */ = {isa = PBXFileReference; lastKnownFileType = sourcecode.swift; path = LobbyItemView.swift; sourceTree = "<group>"; };
		D1E00B74230D950E00554CA4 /* LobbyJson.json */ = {isa = PBXFileReference; lastKnownFileType = text.json; path = LobbyJson.json; sourceTree = "<group>"; };
		D1E00B78230DA05200554CA4 /* WebContainerController.swift */ = {isa = PBXFileReference; lastKnownFileType = sourcecode.swift; path = WebContainerController.swift; sourceTree = "<group>"; };
		D1E00CFC230E931D00554CA4 /* RedEnvelopAPIRouter.swift */ = {isa = PBXFileReference; lastKnownFileType = sourcecode.swift; path = RedEnvelopAPIRouter.swift; sourceTree = "<group>"; };
		D1E00CFE230E932F00554CA4 /* RedEnvelopAPIClient.swift */ = {isa = PBXFileReference; lastKnownFileType = sourcecode.swift; path = RedEnvelopAPIClient.swift; sourceTree = "<group>"; };
		D1E00D00230E9CFC00554CA4 /* RoomModel.swift */ = {isa = PBXFileReference; lastKnownFileType = sourcecode.swift; path = RoomModel.swift; sourceTree = "<group>"; };
		D1E00D03230EC0A000554CA4 /* ProfileViewController.swift */ = {isa = PBXFileReference; lastKnownFileType = sourcecode.swift; path = ProfileViewController.swift; sourceTree = "<group>"; };
		D1E00D05230EDF1D00554CA4 /* ProfileItemViewCell.swift */ = {isa = PBXFileReference; lastKnownFileType = sourcecode.swift; path = ProfileItemViewCell.swift; sourceTree = "<group>"; };
		D1E00D0A230EEE4F00554CA4 /* ProfileItems.json */ = {isa = PBXFileReference; lastKnownFileType = text.json; path = ProfileItems.json; sourceTree = "<group>"; };
		D1E00D45230F9DDD00554CA4 /* RedEnvelopeViewController.swift */ = {isa = PBXFileReference; lastKnownFileType = sourcecode.swift; path = RedEnvelopeViewController.swift; sourceTree = "<group>"; };
		D1E00D6D230FCFD600554CA4 /* GameItemCell.swift */ = {isa = PBXFileReference; lastKnownFileType = sourcecode.swift; path = GameItemCell.swift; sourceTree = "<group>"; };
		D1E00D70230FD79E00554CA4 /* BullAPIRouter.swift */ = {isa = PBXFileReference; lastKnownFileType = sourcecode.swift; path = BullAPIRouter.swift; sourceTree = "<group>"; };
		D1E00D72230FDCB800554CA4 /* BullAPIClient.swift */ = {isa = PBXFileReference; lastKnownFileType = sourcecode.swift; path = BullAPIClient.swift; sourceTree = "<group>"; };
		D1E00D74230FDEEC00554CA4 /* BullRoundModel.swift */ = {isa = PBXFileReference; lastKnownFileType = sourcecode.swift; path = BullRoundModel.swift; sourceTree = "<group>"; };
		D1E00D76230FE11900554CA4 /* BankSettingModel.swift */ = {isa = PBXFileReference; lastKnownFileType = sourcecode.swift; path = BankSettingModel.swift; sourceTree = "<group>"; };
		D1E00D78230FE5F600554CA4 /* BullPackageModel.swift */ = {isa = PBXFileReference; lastKnownFileType = sourcecode.swift; path = BullPackageModel.swift; sourceTree = "<group>"; };
		D1E00D7A230FE89700554CA4 /* GrabUserModel.swift */ = {isa = PBXFileReference; lastKnownFileType = sourcecode.swift; path = GrabUserModel.swift; sourceTree = "<group>"; };
		D1E00D7C230FEAFB00554CA4 /* BullPackageHistoryModel.swift */ = {isa = PBXFileReference; lastKnownFileType = sourcecode.swift; path = BullPackageHistoryModel.swift; sourceTree = "<group>"; };
		D1E00D7E230FEBBE00554CA4 /* BullHistoryModel.swift */ = {isa = PBXFileReference; lastKnownFileType = sourcecode.swift; path = BullHistoryModel.swift; sourceTree = "<group>"; };
		D1E00D80230FEC1C00554CA4 /* BullWagerInfoModel.swift */ = {isa = PBXFileReference; lastKnownFileType = sourcecode.swift; path = BullWagerInfoModel.swift; sourceTree = "<group>"; };
		D1E00D82230FED7B00554CA4 /* BullBetDetailModel.swift */ = {isa = PBXFileReference; lastKnownFileType = sourcecode.swift; path = BullBetDetailModel.swift; sourceTree = "<group>"; };
		D1E00D84230FEE0800554CA4 /* BullWagerOddModel.swift */ = {isa = PBXFileReference; lastKnownFileType = sourcecode.swift; path = BullWagerOddModel.swift; sourceTree = "<group>"; };
		D1E00D8623102A6700554CA4 /* LaunchViewController.swift */ = {isa = PBXFileReference; lastKnownFileType = sourcecode.swift; path = LaunchViewController.swift; sourceTree = "<group>"; };
		D1E00D8723102A6700554CA4 /* LaunchViewController.xib */ = {isa = PBXFileReference; lastKnownFileType = file.xib; path = LaunchViewController.xib; sourceTree = "<group>"; };
		D1E00D8A23102D7300554CA4 /* PackageInfoModel.swift */ = {isa = PBXFileReference; lastKnownFileType = sourcecode.swift; path = PackageInfoModel.swift; sourceTree = "<group>"; };
		D1E00D8C23102F2B00554CA4 /* PackageHistoryModel.swift */ = {isa = PBXFileReference; lastKnownFileType = sourcecode.swift; path = PackageHistoryModel.swift; sourceTree = "<group>"; };
		D1E00D8E2310447E00554CA4 /* BaseViewController.swift */ = {isa = PBXFileReference; lastKnownFileType = sourcecode.swift; path = BaseViewController.swift; sourceTree = "<group>"; };
		D1E00D902310EBC100554CA4 /* RoomDetailViewController.swift */ = {isa = PBXFileReference; lastKnownFileType = sourcecode.swift; path = RoomDetailViewController.swift; sourceTree = "<group>"; };
		D1E00D9423110A7100554CA4 /* PackageHistoryLeftViewCell.swift */ = {isa = PBXFileReference; lastKnownFileType = sourcecode.swift; path = PackageHistoryLeftViewCell.swift; sourceTree = "<group>"; };
		D1E00D9523110A7100554CA4 /* PackageHistoryLeftViewCell.xib */ = {isa = PBXFileReference; lastKnownFileType = file.xib; path = PackageHistoryLeftViewCell.xib; sourceTree = "<group>"; };
		D1E00D9823110A8C00554CA4 /* PackageHistoryRightViewCell.swift */ = {isa = PBXFileReference; lastKnownFileType = sourcecode.swift; path = PackageHistoryRightViewCell.swift; sourceTree = "<group>"; };
		D1E00D9923110A8C00554CA4 /* PackageHistoryRightViewCell.xib */ = {isa = PBXFileReference; lastKnownFileType = file.xib; path = PackageHistoryRightViewCell.xib; sourceTree = "<group>"; };
		D1E00D9C2311115200554CA4 /* CreateEnvelopViewController.swift */ = {isa = PBXFileReference; lastKnownFileType = sourcecode.swift; path = CreateEnvelopViewController.swift; sourceTree = "<group>"; };
		D1E00D9D2311115200554CA4 /* CreateEnvelopViewController.xib */ = {isa = PBXFileReference; lastKnownFileType = file.xib; path = CreateEnvelopViewController.xib; sourceTree = "<group>"; };
		D1E00DA0231119AC00554CA4 /* PackageInfoViewController.swift */ = {isa = PBXFileReference; lastKnownFileType = sourcecode.swift; path = PackageInfoViewController.swift; sourceTree = "<group>"; };
		D1E00DA1231119AC00554CA4 /* PackageInfoViewController.xib */ = {isa = PBXFileReference; lastKnownFileType = file.xib; path = PackageInfoViewController.xib; sourceTree = "<group>"; };
		D1E00DA42311302E00554CA4 /* CreateEnvelopType2ViewController.swift */ = {isa = PBXFileReference; lastKnownFileType = sourcecode.swift; path = CreateEnvelopType2ViewController.swift; sourceTree = "<group>"; };
		D1E00DA52311302E00554CA4 /* CreateEnvelopType2ViewController.xib */ = {isa = PBXFileReference; lastKnownFileType = file.xib; path = CreateEnvelopType2ViewController.xib; sourceTree = "<group>"; };
		D1E00DA823116F4700554CA4 /* GrabEnvelopViewController.swift */ = {isa = PBXFileReference; lastKnownFileType = sourcecode.swift; path = GrabEnvelopViewController.swift; sourceTree = "<group>"; };
		D1E00DA923116F4700554CA4 /* GrabEnvelopViewController.xib */ = {isa = PBXFileReference; lastKnownFileType = file.xib; path = GrabEnvelopViewController.xib; sourceTree = "<group>"; };
		D1E00DAC23118C7100554CA4 /* ImageManager.swift */ = {isa = PBXFileReference; lastKnownFileType = sourcecode.swift; path = ImageManager.swift; sourceTree = "<group>"; };
		D1E00DAE231279B000554CA4 /* MessagePopupController.swift */ = {isa = PBXFileReference; lastKnownFileType = sourcecode.swift; path = MessagePopupController.swift; sourceTree = "<group>"; };
		D1E00DB02312CEA500554CA4 /* TitleStackView.swift */ = {isa = PBXFileReference; lastKnownFileType = sourcecode.swift; path = TitleStackView.swift; sourceTree = "<group>"; };
		D1E00DB22312D26400554CA4 /* UITextFieldPadding.swift */ = {isa = PBXFileReference; lastKnownFileType = sourcecode.swift; path = UITextFieldPadding.swift; sourceTree = "<group>"; };
		D1E00DB52312DC8600554CA4 /* GrabUserViewCell.swift */ = {isa = PBXFileReference; lastKnownFileType = sourcecode.swift; path = GrabUserViewCell.swift; sourceTree = "<group>"; };
		D1E00DB62312DC8600554CA4 /* GrabUserViewCell.xib */ = {isa = PBXFileReference; lastKnownFileType = file.xib; path = GrabUserViewCell.xib; sourceTree = "<group>"; };
		D1E00DB92313881000554CA4 /* LocalDataManager.swift */ = {isa = PBXFileReference; lastKnownFileType = sourcecode.swift; path = LocalDataManager.swift; sourceTree = "<group>"; };
		D1E00DBC2313B77F00554CA4 /* GameRoomViewController.swift */ = {isa = PBXFileReference; lastKnownFileType = sourcecode.swift; path = GameRoomViewController.swift; sourceTree = "<group>"; };
		D1E00DBE23140E3200554CA4 /* QuartzCore.framework */ = {isa = PBXFileReference; lastKnownFileType = wrapper.framework; name = QuartzCore.framework; path = System/Library/Frameworks/QuartzCore.framework; sourceTree = SDKROOT; };
		D1EA0E6B23163B340096B7D1 /* LotteryViewController.swift */ = {isa = PBXFileReference; lastKnownFileType = sourcecode.swift; path = LotteryViewController.swift; sourceTree = "<group>"; };
		D1EA0E6D231659290096B7D1 /* BullBottomView.swift */ = {isa = PBXFileReference; lastKnownFileType = sourcecode.swift; path = BullBottomView.swift; sourceTree = "<group>"; };
		D1EA0EB523177F4F0096B7D1 /* BullDetailViewController.swift */ = {isa = PBXFileReference; lastKnownFileType = sourcecode.swift; path = BullDetailViewController.swift; sourceTree = "<group>"; };
		D1EA0EB623177F4F0096B7D1 /* BullDetailViewController.xib */ = {isa = PBXFileReference; lastKnownFileType = file.xib; path = BullDetailViewController.xib; sourceTree = "<group>"; };
		D1EA0EB92317B0E70096B7D1 /* GrabBankerViewController.swift */ = {isa = PBXFileReference; lastKnownFileType = sourcecode.swift; path = GrabBankerViewController.swift; sourceTree = "<group>"; };
		D1EA0EBA2317B0E70096B7D1 /* GrabBankerViewController.xib */ = {isa = PBXFileReference; lastKnownFileType = file.xib; path = GrabBankerViewController.xib; sourceTree = "<group>"; };
		D1EA0EBD2317B4980096B7D1 /* BankGetModel.swift */ = {isa = PBXFileReference; lastKnownFileType = sourcecode.swift; path = BankGetModel.swift; sourceTree = "<group>"; };
		D1EA0EFF231815770096B7D1 /* BankSettingViewCell.swift */ = {isa = PBXFileReference; lastKnownFileType = sourcecode.swift; path = BankSettingViewCell.swift; sourceTree = "<group>"; };
		D1EA0F00231815770096B7D1 /* BankSettingViewCell.xib */ = {isa = PBXFileReference; lastKnownFileType = file.xib; path = BankSettingViewCell.xib; sourceTree = "<group>"; };
		D1EA0F03231827090096B7D1 /* BetBullViewController.swift */ = {isa = PBXFileReference; lastKnownFileType = sourcecode.swift; path = BetBullViewController.swift; sourceTree = "<group>"; };
		D1EA0F04231827090096B7D1 /* BetBullViewController.xib */ = {isa = PBXFileReference; lastKnownFileType = file.xib; path = BetBullViewController.xib; sourceTree = "<group>"; };
		D1EA0F072318373F0096B7D1 /* WagerOddViewCell.swift */ = {isa = PBXFileReference; lastKnownFileType = sourcecode.swift; path = WagerOddViewCell.swift; sourceTree = "<group>"; };
		D1EA0F082318373F0096B7D1 /* WagerOddViewCell.xib */ = {isa = PBXFileReference; lastKnownFileType = file.xib; path = WagerOddViewCell.xib; sourceTree = "<group>"; };
		D1EA0F0B231838620096B7D1 /* WagerOddUtils.swift */ = {isa = PBXFileReference; lastKnownFileType = sourcecode.swift; path = WagerOddUtils.swift; sourceTree = "<group>"; };
		D1EA0F0D23183AE40096B7D1 /* WagerOdds.json */ = {isa = PBXFileReference; lastKnownFileType = text.json; path = WagerOdds.json; sourceTree = "<group>"; };
		D1EA0F7523190D860096B7D1 /* BetCasinoViewController.swift */ = {isa = PBXFileReference; lastKnownFileType = sourcecode.swift; path = BetCasinoViewController.swift; sourceTree = "<group>"; };
		D1EA0F7623190D860096B7D1 /* BetCasinoViewController.xib */ = {isa = PBXFileReference; lastKnownFileType = file.xib; path = BetCasinoViewController.xib; sourceTree = "<group>"; };
		D1EA0FA12319375E0096B7D1 /* BetOtherViewCell.swift */ = {isa = PBXFileReference; lastKnownFileType = sourcecode.swift; path = BetOtherViewCell.swift; sourceTree = "<group>"; };
		D1EA0FA22319375E0096B7D1 /* BetOtherViewCell.xib */ = {isa = PBXFileReference; lastKnownFileType = file.xib; path = BetOtherViewCell.xib; sourceTree = "<group>"; };
		D1EA0FA62319525C0096B7D1 /* BullInfoModel.swift */ = {isa = PBXFileReference; lastKnownFileType = sourcecode.swift; path = BullInfoModel.swift; sourceTree = "<group>"; };
		F8455A52255EC42C57478B9D /* Pods-Gwin.release.xcconfig */ = {isa = PBXFileReference; includeInIndex = 1; lastKnownFileType = text.xcconfig; name = "Pods-Gwin.release.xcconfig"; path = "Target Support Files/Pods-Gwin/Pods-Gwin.release.xcconfig"; sourceTree = "<group>"; };
/* End PBXFileReference section */

/* Begin PBXFrameworksBuildPhase section */
		D10067962309AA1E00114F6E /* Frameworks */ = {
			isa = PBXFrameworksBuildPhase;
			buildActionMask = 2147483647;
			files = (
				D1E00DBF23140E4300554CA4 /* QuartzCore.framework in Frameworks */,
				93470A1D4586D5734927ED93 /* Pods_Gwin.framework in Frameworks */,
			);
			runOnlyForDeploymentPostprocessing = 0;
		};
/* End PBXFrameworksBuildPhase section */

/* Begin PBXGroup section */
		1FC0F7F6233E61DA02F0918C /* Pods */ = {
			isa = PBXGroup;
			children = (
				C32D98C07F93022F3241400A /* Pods-Gwin.debug.xcconfig */,
				F8455A52255EC42C57478B9D /* Pods-Gwin.release.xcconfig */,
			);
			path = Pods;
			sourceTree = "<group>";
		};
		D10067902309AA1E00114F6E = {
			isa = PBXGroup;
			children = (
				D100679B2309AA1F00114F6E /* Gwin */,
				D100679A2309AA1E00114F6E /* Products */,
				1FC0F7F6233E61DA02F0918C /* Pods */,
				E2E3FE475745C5AF91AA105F /* Frameworks */,
			);
			sourceTree = "<group>";
		};
		D100679A2309AA1E00114F6E /* Products */ = {
			isa = PBXGroup;
			children = (
				D10067992309AA1E00114F6E /* Gwin.app */,
			);
			name = Products;
			sourceTree = "<group>";
		};
		D100679B2309AA1F00114F6E /* Gwin */ = {
			isa = PBXGroup;
			children = (
				D1E00DBB2313B74800554CA4 /* BullGame */,
				D1E00D44230F9DBF00554CA4 /* RedEnvelope */,
				D1E00CFA230E92D400554CA4 /* Profile */,
				D1E00B73230D94E800554CA4 /* Resource */,
				D175C4E9230C2984001B8DC6 /* Flow */,
				D175C4E3230C2142001B8DC6 /* Wellcome */,
				D175C4D5230BE836001B8DC6 /* Networking */,
				D175C4AE230BCC6C001B8DC6 /* Shiitake */,
				D175C47C230BCA29001B8DC6 /* Riblets */,
				D175C47B230BC9C2001B8DC6 /* Registration */,
				D175C47A230BC9B5001B8DC6 /* Login */,
				D10067BB2309B04D00114F6E /* Utils */,
				D10067B12309AC6E00114F6E /* Home */,
				D100679C2309AA1F00114F6E /* AppDelegate.swift */,
				D10067A02309AA1F00114F6E /* Main.storyboard */,
				D10067A82309AA2500114F6E /* LaunchScreen.storyboard */,
				D10067AB2309AA2500114F6E /* Info.plist */,
				D10067A32309AA1F00114F6E /* Gwin.xcdatamodeld */,
			);
			path = Gwin;
			sourceTree = "<group>";
		};
		D10067B12309AC6E00114F6E /* Home */ = {
			isa = PBXGroup;
			children = (
				D175C523230D0DB2001B8DC6 /* Component */,
				D10067B52309AC9700114F6E /* View */,
				D10067B42309AC8A00114F6E /* Builder */,
				D10067B32309AC8400114F6E /* Router */,
				D10067B22309AC7C00114F6E /* Interactor */,
			);
			path = Home;
			sourceTree = "<group>";
		};
		D10067B22309AC7C00114F6E /* Interactor */ = {
			isa = PBXGroup;
			children = (
				D175C4F9230CFA9D001B8DC6 /* HomeInteractor.swift */,
			);
			path = Interactor;
			sourceTree = "<group>";
		};
		D10067B32309AC8400114F6E /* Router */ = {
			isa = PBXGroup;
			children = (
				D175C4FB230CFB7F001B8DC6 /* HomeRouter.swift */,
			);
			path = Router;
			sourceTree = "<group>";
		};
		D10067B42309AC8A00114F6E /* Builder */ = {
			isa = PBXGroup;
			children = (
				D175C526230D0E46001B8DC6 /* HomeBuilder.swift */,
			);
			path = Builder;
			sourceTree = "<group>";
		};
		D10067B52309AC9700114F6E /* View */ = {
			isa = PBXGroup;
			children = (
				D1EA0E6B23163B340096B7D1 /* LotteryViewController.swift */,
				D10067B82309AFAF00114F6E /* Carousel */,
				D10067B62309ACB800114F6E /* HomeViewController.swift */,
				D175C528230D1036001B8DC6 /* RedEnvelopTabbarController.swift */,
				D1E00B71230D8F0E00554CA4 /* LobbyItemView.swift */,
				D1E00B78230DA05200554CA4 /* WebContainerController.swift */,
				D1E00D8E2310447E00554CA4 /* BaseViewController.swift */,
				D1E00DAE231279B000554CA4 /* MessagePopupController.swift */,
			);
			path = View;
			sourceTree = "<group>";
		};
		D10067B82309AFAF00114F6E /* Carousel */ = {
			isa = PBXGroup;
			children = (
				D10067B92309AFC700114F6E /* CarouselView.swift */,
				D1E00DB02312CEA500554CA4 /* TitleStackView.swift */,
			);
			path = Carousel;
			sourceTree = "<group>";
		};
		D10067BB2309B04D00114F6E /* Utils */ = {
			isa = PBXGroup;
			children = (
				D175C3C4230ADDC0001B8DC6 /* UIView+Utils.swift */,
				D175C4F0230C36B3001B8DC6 /* KeyboardLayoutConstraint.swift */,
				D170F384231440B700468D64 /* ScrollLabel.swift */,
			);
			path = Utils;
			sourceTree = "<group>";
		};
		D175C47A230BC9B5001B8DC6 /* Login */ = {
			isa = PBXGroup;
			children = (
				D175C4CA230BD285001B8DC6 /* Router */,
				D175C4C9230BD27E001B8DC6 /* View */,
				D175C4C8230BD277001B8DC6 /* Interactor */,
				D175C4C7230BD26C001B8DC6 /* Builder */,
			);
			path = Login;
			sourceTree = "<group>";
		};
		D175C47B230BC9C2001B8DC6 /* Registration */ = {
			isa = PBXGroup;
			children = (
				D175C4EC230C35CE001B8DC6 /* RegisterViewController.swift */,
				D175C4ED230C35CE001B8DC6 /* RegisterViewController.xib */,
			);
			path = Registration;
			sourceTree = "<group>";
		};
		D175C47C230BCA29001B8DC6 /* Riblets */ = {
			isa = PBXGroup;
			children = (
				D175C4C4230BD0B0001B8DC6 /* Builder */,
				D175C4C1230BCFB2001B8DC6 /* Interactor */,
				D175C4BE230BCE15001B8DC6 /* View */,
				D175C47D230BCA30001B8DC6 /* Router */,
			);
			path = Riblets;
			sourceTree = "<group>";
		};
		D175C47D230BCA30001B8DC6 /* Router */ = {
			isa = PBXGroup;
			children = (
				D175C47E230BCA42001B8DC6 /* ExampleRouter.swift */,
			);
			path = Router;
			sourceTree = "<group>";
		};
		D175C4AE230BCC6C001B8DC6 /* Shiitake */ = {
			isa = PBXGroup;
			children = (
				D175C4B1230BCCC9001B8DC6 /* Component.swift */,
				D175C4B3230BCCC9001B8DC6 /* EmptyProtocol.swift */,
				D175C4AF230BCCC9001B8DC6 /* Interactor.swift */,
				D175C4B2230BCCC9001B8DC6 /* Router.swift */,
				D175C4B0230BCCC9001B8DC6 /* Workflow.swift */,
			);
			path = Shiitake;
			sourceTree = "<group>";
		};
		D175C4BE230BCE15001B8DC6 /* View */ = {
			isa = PBXGroup;
			children = (
				D175C4BF230BCE31001B8DC6 /* ExampleViewController.swift */,
			);
			path = View;
			sourceTree = "<group>";
		};
		D175C4C1230BCFB2001B8DC6 /* Interactor */ = {
			isa = PBXGroup;
			children = (
				D175C4C2230BCFD9001B8DC6 /* ExampleInteractor.swift */,
			);
			path = Interactor;
			sourceTree = "<group>";
		};
		D175C4C4230BD0B0001B8DC6 /* Builder */ = {
			isa = PBXGroup;
			children = (
				D175C4C5230BD0C4001B8DC6 /* ExampleBuilder.swift */,
			);
			path = Builder;
			sourceTree = "<group>";
		};
		D175C4C7230BD26C001B8DC6 /* Builder */ = {
			isa = PBXGroup;
			children = (
				D175C4CF230BD4B2001B8DC6 /* LoginBuilder.swift */,
			);
			path = Builder;
			sourceTree = "<group>";
		};
		D175C4C8230BD277001B8DC6 /* Interactor */ = {
			isa = PBXGroup;
			children = (
				D175C4D3230BD5A1001B8DC6 /* LoginInteractor.swift */,
			);
			path = Interactor;
			sourceTree = "<group>";
		};
		D175C4C9230BD27E001B8DC6 /* View */ = {
			isa = PBXGroup;
			children = (
				D175C4CB230BD324001B8DC6 /* LoginViewController.swift */,
				D175C4CC230BD324001B8DC6 /* LoginViewController.xib */,
			);
			path = View;
			sourceTree = "<group>";
		};
		D175C4CA230BD285001B8DC6 /* Router */ = {
			isa = PBXGroup;
			children = (
				D175C4D1230BD570001B8DC6 /* LoginRouter.swift */,
			);
			path = Router;
			sourceTree = "<group>";
		};
		D175C4D5230BE836001B8DC6 /* Networking */ = {
			isa = PBXGroup;
			children = (
				D1E00D6F230FD78600554CA4 /* Bull */,
				D1E00CFB230E930300554CA4 /* RedEnvelop */,
				D175C4F4230CF5EC001B8DC6 /* Notice */,
				D175C4D8230C03D1001B8DC6 /* User */,
			);
			path = Networking;
			sourceTree = "<group>";
		};
		D175C4D8230C03D1001B8DC6 /* User */ = {
			isa = PBXGroup;
			children = (
				D175C4D6230BE84B001B8DC6 /* UserAPIRouter.swift */,
				D175C4D9230C03E8001B8DC6 /* UserAPIClient.swift */,
				D175C4DB230C0487001B8DC6 /* User.swift */,
				D175C4E1230C1A53001B8DC6 /* UserInfo.swift */,
			);
			path = User;
			sourceTree = "<group>";
		};
		D175C4E3230C2142001B8DC6 /* Wellcome */ = {
			isa = PBXGroup;
			children = (
				D175C4E5230C2177001B8DC6 /* WellcomeViewController.swift */,
				D175C4E6230C2177001B8DC6 /* WellcomeViewController.xib */,
				D1E00D8623102A6700554CA4 /* LaunchViewController.swift */,
				D1E00D8723102A6700554CA4 /* LaunchViewController.xib */,
			);
			path = Wellcome;
			sourceTree = "<group>";
		};
		D175C4E9230C2984001B8DC6 /* Flow */ = {
			isa = PBXGroup;
			children = (
				D175C4F2230C552F001B8DC6 /* UserDefaultManager.swift */,
				D175C4EA230C29A3001B8DC6 /* ScreenManager.swift */,
				D1E00DAC23118C7100554CA4 /* ImageManager.swift */,
				D1E00DB92313881000554CA4 /* LocalDataManager.swift */,
				D1D06F9E231E67FC00BBEDAE /* SoundManager.swift */,
			);
			path = Flow;
			sourceTree = "<group>";
		};
		D175C4F4230CF5EC001B8DC6 /* Notice */ = {
			isa = PBXGroup;
			children = (
				D175C4F5230CF60F001B8DC6 /* NoticeAPIRouter.swift */,
				D175C4F7230CF823001B8DC6 /* NoticeAPIClient.swift */,
			);
			path = Notice;
			sourceTree = "<group>";
		};
		D175C523230D0DB2001B8DC6 /* Component */ = {
			isa = PBXGroup;
			children = (
				D175C524230D0DCA001B8DC6 /* HomeViewComponent.swift */,
			);
			path = Component;
			sourceTree = "<group>";
		};
		D1E00B73230D94E800554CA4 /* Resource */ = {
			isa = PBXGroup;
			children = (
				D10067A62309AA2500114F6E /* Assets.xcassets */,
				D1D06FA1231E779B00BBEDAE /* betchip.mp3 */,
				D1D06FA0231E779B00BBEDAE /* bip.mp3 */,
				D1E00B74230D950E00554CA4 /* LobbyJson.json */,
				D1E00D0A230EEE4F00554CA4 /* ProfileItems.json */,
			);
			path = Resource;
			sourceTree = "<group>";
		};
		D1E00CFA230E92D400554CA4 /* Profile */ = {
			isa = PBXGroup;
			children = (
				D1E00D05230EDF1D00554CA4 /* ProfileItemViewCell.swift */,
				D1E00D03230EC0A000554CA4 /* ProfileViewController.swift */,
				D194BD93231BC18700AB59C3 /* UploadImageViewController.swift */,
				D194BD94231BC18700AB59C3 /* UploadImageViewController.xib */,
			);
			path = Profile;
			sourceTree = "<group>";
		};
		D1E00CFB230E930300554CA4 /* RedEnvelop */ = {
			isa = PBXGroup;
			children = (
				D1E00CFC230E931D00554CA4 /* RedEnvelopAPIRouter.swift */,
				D1E00CFE230E932F00554CA4 /* RedEnvelopAPIClient.swift */,
				D1E00D00230E9CFC00554CA4 /* RoomModel.swift */,
				D1E00D8A23102D7300554CA4 /* PackageInfoModel.swift */,
				D1E00D8C23102F2B00554CA4 /* PackageHistoryModel.swift */,
			);
			path = RedEnvelop;
			sourceTree = "<group>";
		};
		D1E00D44230F9DBF00554CA4 /* RedEnvelope */ = {
			isa = PBXGroup;
			children = (
				D1E00DB42312DC6100554CA4 /* View */,
				D1E00D45230F9DDD00554CA4 /* RedEnvelopeViewController.swift */,
				D1E00D6D230FCFD600554CA4 /* GameItemCell.swift */,
				D1E00D902310EBC100554CA4 /* RoomDetailViewController.swift */,
				D1E00D9423110A7100554CA4 /* PackageHistoryLeftViewCell.swift */,
				D1E00D9523110A7100554CA4 /* PackageHistoryLeftViewCell.xib */,
				D1E00D9823110A8C00554CA4 /* PackageHistoryRightViewCell.swift */,
				D1E00D9923110A8C00554CA4 /* PackageHistoryRightViewCell.xib */,
				D1E00D9C2311115200554CA4 /* CreateEnvelopViewController.swift */,
				D1E00D9D2311115200554CA4 /* CreateEnvelopViewController.xib */,
				D1E00DA0231119AC00554CA4 /* PackageInfoViewController.swift */,
				D1E00DA1231119AC00554CA4 /* PackageInfoViewController.xib */,
				D1E00DA42311302E00554CA4 /* CreateEnvelopType2ViewController.swift */,
				D1E00DA52311302E00554CA4 /* CreateEnvelopType2ViewController.xib */,
				D1E00DA823116F4700554CA4 /* GrabEnvelopViewController.swift */,
				D1E00DA923116F4700554CA4 /* GrabEnvelopViewController.xib */,
				D1E00DB22312D26400554CA4 /* UITextFieldPadding.swift */,
			);
			path = RedEnvelope;
			sourceTree = "<group>";
		};
		D1E00D6F230FD78600554CA4 /* Bull */ = {
			isa = PBXGroup;
			children = (
				D1E00D70230FD79E00554CA4 /* BullAPIRouter.swift */,
				D1E00D72230FDCB800554CA4 /* BullAPIClient.swift */,
				D1E00D74230FDEEC00554CA4 /* BullRoundModel.swift */,
				D1E00D76230FE11900554CA4 /* BankSettingModel.swift */,
				D1E00D78230FE5F600554CA4 /* BullPackageModel.swift */,
				D1E00D7A230FE89700554CA4 /* GrabUserModel.swift */,
				D1E00D7C230FEAFB00554CA4 /* BullPackageHistoryModel.swift */,
				D1E00D7E230FEBBE00554CA4 /* BullHistoryModel.swift */,
				D1E00D80230FEC1C00554CA4 /* BullWagerInfoModel.swift */,
				D1E00D82230FED7B00554CA4 /* BullBetDetailModel.swift */,
				D1E00D84230FEE0800554CA4 /* BullWagerOddModel.swift */,
				D1EA0EBD2317B4980096B7D1 /* BankGetModel.swift */,
				D1EA0FA62319525C0096B7D1 /* BullInfoModel.swift */,
			);
			path = Bull;
			sourceTree = "<group>";
		};
		D1E00DB42312DC6100554CA4 /* View */ = {
			isa = PBXGroup;
			children = (
				D1E00DB52312DC8600554CA4 /* GrabUserViewCell.swift */,
				D1E00DB62312DC8600554CA4 /* GrabUserViewCell.xib */,
			);
			path = View;
			sourceTree = "<group>";
		};
		D1E00DBB2313B74800554CA4 /* BullGame */ = {
			isa = PBXGroup;
			children = (
				D1E00DBC2313B77F00554CA4 /* GameRoomViewController.swift */,
				D1EA0E6D231659290096B7D1 /* BullBottomView.swift */,
				D1EA0EB523177F4F0096B7D1 /* BullDetailViewController.swift */,
				D1EA0EB623177F4F0096B7D1 /* BullDetailViewController.xib */,
				D1EA0EB92317B0E70096B7D1 /* GrabBankerViewController.swift */,
				D1EA0EBA2317B0E70096B7D1 /* GrabBankerViewController.xib */,
				D1EA0EFF231815770096B7D1 /* BankSettingViewCell.swift */,
				D1EA0F00231815770096B7D1 /* BankSettingViewCell.xib */,
				D1EA0F03231827090096B7D1 /* BetBullViewController.swift */,
				D1EA0F04231827090096B7D1 /* BetBullViewController.xib */,
				D1EA0F072318373F0096B7D1 /* WagerOddViewCell.swift */,
				D1EA0F082318373F0096B7D1 /* WagerOddViewCell.xib */,
				D1EA0F0B231838620096B7D1 /* WagerOddUtils.swift */,
				D1EA0F0D23183AE40096B7D1 /* WagerOdds.json */,
				D1EA0F7523190D860096B7D1 /* BetCasinoViewController.swift */,
				D1EA0F7623190D860096B7D1 /* BetCasinoViewController.xib */,
				D1EA0FA12319375E0096B7D1 /* BetOtherViewCell.swift */,
				D1EA0FA22319375E0096B7D1 /* BetOtherViewCell.xib */,
				D194BD83231A4D2D00AB59C3 /* GrabBullPackageViewController.swift */,
				D194BD84231A4D2D00AB59C3 /* GrabBullPackageViewController.xib */,
				D194BD89231AB9BD00AB59C3 /* BulllPackageInfoViewController.swift */,
				D194BD8A231AB9BD00AB59C3 /* BulllPackageInfoViewController.xib */,
				D194BD8D231ABE5A00AB59C3 /* BetDetailiewCell.swift */,
				D194BD8E231ABE5A00AB59C3 /* BetDetailiewCell.xib */,
				D194BD91231BB85300AB59C3 /* BullModel.swift */,
				D1D06F1C231D1FCA00BBEDAE /* BankerViewController.swift */,
				D1D06F1D231D1FCA00BBEDAE /* BankerViewController.xib */,
				D1D06F20231D247500BBEDAE /* BankerViewCell.swift */,
				D1D06F21231D247500BBEDAE /* BankerViewCell.xib */,
			);
			path = BullGame;
			sourceTree = "<group>";
		};
		E2E3FE475745C5AF91AA105F /* Frameworks */ = {
			isa = PBXGroup;
			children = (
				D1E00DBE23140E3200554CA4 /* QuartzCore.framework */,
				CAEBB42F20B4154F0C30418E /* Pods_Gwin.framework */,
			);
			name = Frameworks;
			sourceTree = "<group>";
		};
/* End PBXGroup section */

/* Begin PBXNativeTarget section */
		D10067982309AA1E00114F6E /* Gwin */ = {
			isa = PBXNativeTarget;
			buildConfigurationList = D10067AE2309AA2500114F6E /* Build configuration list for PBXNativeTarget "Gwin" */;
			buildPhases = (
				D2A0CE74026D605EBA528C10 /* [CP] Check Pods Manifest.lock */,
				D10067952309AA1E00114F6E /* Sources */,
				D10067962309AA1E00114F6E /* Frameworks */,
				D10067972309AA1E00114F6E /* Resources */,
				2D05893567BF546B17B2266C /* [CP] Embed Pods Frameworks */,
			);
			buildRules = (
			);
			dependencies = (
			);
			name = Gwin;
			productName = Gwin;
			productReference = D10067992309AA1E00114F6E /* Gwin.app */;
			productType = "com.apple.product-type.application";
		};
/* End PBXNativeTarget section */

/* Begin PBXProject section */
		D10067912309AA1E00114F6E /* Project object */ = {
			isa = PBXProject;
			attributes = {
				LastSwiftUpdateCheck = 1020;
				LastUpgradeCheck = 1020;
				ORGANIZATIONNAME = "Hai Vu Van";
				TargetAttributes = {
					D10067982309AA1E00114F6E = {
						CreatedOnToolsVersion = 10.2.1;
					};
				};
			};
			buildConfigurationList = D10067942309AA1E00114F6E /* Build configuration list for PBXProject "Gwin" */;
			compatibilityVersion = "Xcode 9.3";
			developmentRegion = en;
			hasScannedForEncodings = 0;
			knownRegions = (
				en,
				Base,
			);
			mainGroup = D10067902309AA1E00114F6E;
			productRefGroup = D100679A2309AA1E00114F6E /* Products */;
			projectDirPath = "";
			projectRoot = "";
			targets = (
				D10067982309AA1E00114F6E /* Gwin */,
			);
		};
/* End PBXProject section */

/* Begin PBXResourcesBuildPhase section */
		D10067972309AA1E00114F6E /* Resources */ = {
			isa = PBXResourcesBuildPhase;
			buildActionMask = 2147483647;
			files = (
				D1EA0F02231815770096B7D1 /* BankSettingViewCell.xib in Resources */,
				D1E00D9F2311115200554CA4 /* CreateEnvelopViewController.xib in Resources */,
				D1EA0EBC2317B0E70096B7D1 /* GrabBankerViewController.xib in Resources */,
				D1E00DA72311302E00554CA4 /* CreateEnvelopType2ViewController.xib in Resources */,
				D1E00DA3231119AC00554CA4 /* PackageInfoViewController.xib in Resources */,
				D1D06F1F231D1FCA00BBEDAE /* BankerViewController.xib in Resources */,
				D194BD96231BC18700AB59C3 /* UploadImageViewController.xib in Resources */,
				D1D06F23231D247500BBEDAE /* BankerViewCell.xib in Resources */,
				D1D06FA3231E779B00BBEDAE /* betchip.mp3 in Resources */,
				D1E00B75230D990E00554CA4 /* LobbyJson.json in Resources */,
				D194BD86231A4D2D00AB59C3 /* GrabBullPackageViewController.xib in Resources */,
				D175C4CE230BD324001B8DC6 /* LoginViewController.xib in Resources */,
				D1E00D0B230EEE4F00554CA4 /* ProfileItems.json in Resources */,
				D1EA0EB823177F4F0096B7D1 /* BullDetailViewController.xib in Resources */,
				D1E00D8923102A6700554CA4 /* LaunchViewController.xib in Resources */,
				D1EA0F0A2318373F0096B7D1 /* WagerOddViewCell.xib in Resources */,
				D1E00D9B23110A8C00554CA4 /* PackageHistoryRightViewCell.xib in Resources */,
				D194BD8C231AB9BD00AB59C3 /* BulllPackageInfoViewController.xib in Resources */,
				D10067AA2309AA2500114F6E /* LaunchScreen.storyboard in Resources */,
				D1EA0FA42319375E0096B7D1 /* BetOtherViewCell.xib in Resources */,
				D175C4E8230C2177001B8DC6 /* WellcomeViewController.xib in Resources */,
				D1EA0F7423190AB90096B7D1 /* WagerOdds.json in Resources */,
				D10067A72309AA2500114F6E /* Assets.xcassets in Resources */,
				D1D06FA2231E779B00BBEDAE /* bip.mp3 in Resources */,
				D1E00DB82312DC8600554CA4 /* GrabUserViewCell.xib in Resources */,
				D194BD90231ABE5A00AB59C3 /* BetDetailiewCell.xib in Resources */,
				D1EA0F06231827090096B7D1 /* BetBullViewController.xib in Resources */,
				D1EA0F7823190D860096B7D1 /* BetCasinoViewController.xib in Resources */,
				D1E00D9723110A7100554CA4 /* PackageHistoryLeftViewCell.xib in Resources */,
				D10067A22309AA1F00114F6E /* Main.storyboard in Resources */,
				D175C4EF230C35CE001B8DC6 /* RegisterViewController.xib in Resources */,
				D1E00DAB23116F4700554CA4 /* GrabEnvelopViewController.xib in Resources */,
			);
			runOnlyForDeploymentPostprocessing = 0;
		};
/* End PBXResourcesBuildPhase section */

/* Begin PBXShellScriptBuildPhase section */
		2D05893567BF546B17B2266C /* [CP] Embed Pods Frameworks */ = {
			isa = PBXShellScriptBuildPhase;
			buildActionMask = 2147483647;
			files = (
			);
			inputFileListPaths = (
				"${PODS_ROOT}/Target Support Files/Pods-Gwin/Pods-Gwin-frameworks-${CONFIGURATION}-input-files.xcfilelist",
			);
			name = "[CP] Embed Pods Frameworks";
			outputFileListPaths = (
				"${PODS_ROOT}/Target Support Files/Pods-Gwin/Pods-Gwin-frameworks-${CONFIGURATION}-output-files.xcfilelist",
			);
			runOnlyForDeploymentPostprocessing = 0;
			shellPath = /bin/sh;
			shellScript = "\"${PODS_ROOT}/Target Support Files/Pods-Gwin/Pods-Gwin-frameworks.sh\"\n";
			showEnvVarsInLog = 0;
		};
		D2A0CE74026D605EBA528C10 /* [CP] Check Pods Manifest.lock */ = {
			isa = PBXShellScriptBuildPhase;
			buildActionMask = 2147483647;
			files = (
			);
			inputFileListPaths = (
			);
			inputPaths = (
				"${PODS_PODFILE_DIR_PATH}/Podfile.lock",
				"${PODS_ROOT}/Manifest.lock",
			);
			name = "[CP] Check Pods Manifest.lock";
			outputFileListPaths = (
			);
			outputPaths = (
				"$(DERIVED_FILE_DIR)/Pods-Gwin-checkManifestLockResult.txt",
			);
			runOnlyForDeploymentPostprocessing = 0;
			shellPath = /bin/sh;
			shellScript = "diff \"${PODS_PODFILE_DIR_PATH}/Podfile.lock\" \"${PODS_ROOT}/Manifest.lock\" > /dev/null\nif [ $? != 0 ] ; then\n    # print error to STDERR\n    echo \"error: The sandbox is not in sync with the Podfile.lock. Run 'pod install' or update your CocoaPods installation.\" >&2\n    exit 1\nfi\n# This output is used by Xcode 'outputs' to avoid re-running this script phase.\necho \"SUCCESS\" > \"${SCRIPT_OUTPUT_FILE_0}\"\n";
			showEnvVarsInLog = 0;
		};
/* End PBXShellScriptBuildPhase section */

/* Begin PBXSourcesBuildPhase section */
		D10067952309AA1E00114F6E /* Sources */ = {
			isa = PBXSourcesBuildPhase;
			buildActionMask = 2147483647;
			files = (
				D175C4BD230BCD97001B8DC6 /* Workflow.swift in Sources */,
				D1E00DA62311302E00554CA4 /* CreateEnvelopType2ViewController.swift in Sources */,
				D1EA0F01231815770096B7D1 /* BankSettingViewCell.swift in Sources */,
				D1E00D9623110A7100554CA4 /* PackageHistoryLeftViewCell.swift in Sources */,
				D1E00DBA2313881000554CA4 /* LocalDataManager.swift in Sources */,
				D1EA0EBB2317B0E70096B7D1 /* GrabBankerViewController.swift in Sources */,
				D1EA0E6C23163B340096B7D1 /* LotteryViewController.swift in Sources */,
				D175C4D4230BD5A1001B8DC6 /* LoginInteractor.swift in Sources */,
				D1E00D7D230FEAFB00554CA4 /* BullPackageHistoryModel.swift in Sources */,
				D194BD8B231AB9BD00AB59C3 /* BulllPackageInfoViewController.swift in Sources */,
				D1E00D9E2311115200554CA4 /* CreateEnvelopViewController.swift in Sources */,
				D1E00DB12312CEA600554CA4 /* TitleStackView.swift in Sources */,
				D194BD92231BB85300AB59C3 /* BullModel.swift in Sources */,
				D175C4BC230BCD97001B8DC6 /* Router.swift in Sources */,
				D175C4C0230BCE31001B8DC6 /* ExampleViewController.swift in Sources */,
				D170F385231440B700468D64 /* ScrollLabel.swift in Sources */,
				D1E00B79230DA05200554CA4 /* WebContainerController.swift in Sources */,
				D1EA0F05231827090096B7D1 /* BetBullViewController.swift in Sources */,
				D1E00DAD23118C7100554CA4 /* ImageManager.swift in Sources */,
				D175C529230D1036001B8DC6 /* RedEnvelopTabbarController.swift in Sources */,
				D175C4DA230C03E8001B8DC6 /* UserAPIClient.swift in Sources */,
				D1EA0FA72319525C0096B7D1 /* BullInfoModel.swift in Sources */,
				D1E00D79230FE5F600554CA4 /* BullPackageModel.swift in Sources */,
				D1E00D7B230FE89700554CA4 /* GrabUserModel.swift in Sources */,
				D1E00D8D23102F2B00554CA4 /* PackageHistoryModel.swift in Sources */,
				D10067BA2309AFC700114F6E /* CarouselView.swift in Sources */,
				D175C4E2230C1A53001B8DC6 /* UserInfo.swift in Sources */,
				D1E00CFF230E932F00554CA4 /* RedEnvelopAPIClient.swift in Sources */,
				D1E00D06230EDF1D00554CA4 /* ProfileItemViewCell.swift in Sources */,
				D175C4D7230BE84B001B8DC6 /* UserAPIRouter.swift in Sources */,
				D1E00D71230FD79E00554CA4 /* BullAPIRouter.swift in Sources */,
				D175C4BB230BCD97001B8DC6 /* Interactor.swift in Sources */,
				D1E00D9A23110A8C00554CA4 /* PackageHistoryRightViewCell.swift in Sources */,
				D1E00D6E230FCFD600554CA4 /* GameItemCell.swift in Sources */,
				D175C4FA230CFA9D001B8DC6 /* HomeInteractor.swift in Sources */,
				D1E00D85230FEE0800554CA4 /* BullWagerOddModel.swift in Sources */,
				D175C4F3230C552F001B8DC6 /* UserDefaultManager.swift in Sources */,
				D1EA0EBE2317B4980096B7D1 /* BankGetModel.swift in Sources */,
				D194BD85231A4D2D00AB59C3 /* GrabBullPackageViewController.swift in Sources */,
				D1E00D73230FDCB800554CA4 /* BullAPIClient.swift in Sources */,
				D175C4F6230CF60F001B8DC6 /* NoticeAPIRouter.swift in Sources */,
				D1E00B72230D8F0E00554CA4 /* LobbyItemView.swift in Sources */,
				D1EA0EB723177F4F0096B7D1 /* BullDetailViewController.swift in Sources */,
				D1E00D77230FE11900554CA4 /* BankSettingModel.swift in Sources */,
				D1E00D83230FED7B00554CA4 /* BullBetDetailModel.swift in Sources */,
				D1D06F1E231D1FCA00BBEDAE /* BankerViewController.swift in Sources */,
				D175C4BA230BCD97001B8DC6 /* EmptyProtocol.swift in Sources */,
				D1EA0F092318373F0096B7D1 /* WagerOddViewCell.swift in Sources */,
				D175C4DC230C0487001B8DC6 /* User.swift in Sources */,
				D175C4C6230BD0C4001B8DC6 /* ExampleBuilder.swift in Sources */,
				D1D06F9F231E67FC00BBEDAE /* SoundManager.swift in Sources */,
				D10067A52309AA1F00114F6E /* Gwin.xcdatamodeld in Sources */,
				D175C4F1230C36B3001B8DC6 /* KeyboardLayoutConstraint.swift in Sources */,
				D175C4EB230C29A3001B8DC6 /* ScreenManager.swift in Sources */,
				D1EA0E6E231659290096B7D1 /* BullBottomView.swift in Sources */,
				D1EA0FA32319375E0096B7D1 /* BetOtherViewCell.swift in Sources */,
				D1E00D04230EC0A000554CA4 /* ProfileViewController.swift in Sources */,
				D175C525230D0DCA001B8DC6 /* HomeViewComponent.swift in Sources */,
				D175C47F230BCA42001B8DC6 /* ExampleRouter.swift in Sources */,
				D1E00D46230F9DDD00554CA4 /* RedEnvelopeViewController.swift in Sources */,
				D175C4C3230BCFD9001B8DC6 /* ExampleInteractor.swift in Sources */,
				D1E00D7F230FEBBE00554CA4 /* BullHistoryModel.swift in Sources */,
				D1E00D75230FDEEC00554CA4 /* BullRoundModel.swift in Sources */,
				D175C4FC230CFB7F001B8DC6 /* HomeRouter.swift in Sources */,
				D1E00CFD230E931D00554CA4 /* RedEnvelopAPIRouter.swift in Sources */,
				D1EA0F0C231838620096B7D1 /* WagerOddUtils.swift in Sources */,
				D1D06F22231D247500BBEDAE /* BankerViewCell.swift in Sources */,
				D1E00DB32312D26400554CA4 /* UITextFieldPadding.swift in Sources */,
				D1E00D8823102A6700554CA4 /* LaunchViewController.swift in Sources */,
				D1E00D8B23102D7300554CA4 /* PackageInfoModel.swift in Sources */,
				D100679D2309AA1F00114F6E /* AppDelegate.swift in Sources */,
				D175C4CD230BD324001B8DC6 /* LoginViewController.swift in Sources */,
				D194BD8F231ABE5A00AB59C3 /* BetDetailiewCell.swift in Sources */,
				D1E00DAF231279B000554CA4 /* MessagePopupController.swift in Sources */,
				D1E00DBD2313B77F00554CA4 /* GameRoomViewController.swift in Sources */,
				D1EA0F7723190D860096B7D1 /* BetCasinoViewController.swift in Sources */,
				D1E00D81230FEC1C00554CA4 /* BullWagerInfoModel.swift in Sources */,
				D175C4B9230BCD97001B8DC6 /* Component.swift in Sources */,
				D1E00D912310EBC100554CA4 /* RoomDetailViewController.swift in Sources */,
				D1E00DAA23116F4700554CA4 /* GrabEnvelopViewController.swift in Sources */,
				D194BD95231BC18700AB59C3 /* UploadImageViewController.swift in Sources */,
				D175C4F8230CF823001B8DC6 /* NoticeAPIClient.swift in Sources */,
				D1E00DB72312DC8600554CA4 /* GrabUserViewCell.swift in Sources */,
				D175C4D2230BD570001B8DC6 /* LoginRouter.swift in Sources */,
				D175C3C5230ADDC0001B8DC6 /* UIView+Utils.swift in Sources */,
				D10067B72309ACB800114F6E /* HomeViewController.swift in Sources */,
				D175C4EE230C35CE001B8DC6 /* RegisterViewController.swift in Sources */,
				D175C4E7230C2177001B8DC6 /* WellcomeViewController.swift in Sources */,
				D175C527230D0E46001B8DC6 /* HomeBuilder.swift in Sources */,
				D1E00DA2231119AC00554CA4 /* PackageInfoViewController.swift in Sources */,
				D175C4D0230BD4B2001B8DC6 /* LoginBuilder.swift in Sources */,
				D1E00D01230E9CFC00554CA4 /* RoomModel.swift in Sources */,
				D1E00D8F2310447E00554CA4 /* BaseViewController.swift in Sources */,
			);
			runOnlyForDeploymentPostprocessing = 0;
		};
/* End PBXSourcesBuildPhase section */

/* Begin PBXVariantGroup section */
		D10067A02309AA1F00114F6E /* Main.storyboard */ = {
			isa = PBXVariantGroup;
			children = (
				D10067A12309AA1F00114F6E /* Base */,
			);
			name = Main.storyboard;
			sourceTree = "<group>";
		};
		D10067A82309AA2500114F6E /* LaunchScreen.storyboard */ = {
			isa = PBXVariantGroup;
			children = (
				D10067A92309AA2500114F6E /* Base */,
			);
			name = LaunchScreen.storyboard;
			sourceTree = "<group>";
		};
/* End PBXVariantGroup section */

/* Begin XCBuildConfiguration section */
		D10067AC2309AA2500114F6E /* Debug */ = {
			isa = XCBuildConfiguration;
			buildSettings = {
				ALWAYS_SEARCH_USER_PATHS = NO;
				CLANG_ANALYZER_NONNULL = YES;
				CLANG_ANALYZER_NUMBER_OBJECT_CONVERSION = YES_AGGRESSIVE;
				CLANG_CXX_LANGUAGE_STANDARD = "gnu++14";
				CLANG_CXX_LIBRARY = "libc++";
				CLANG_ENABLE_MODULES = YES;
				CLANG_ENABLE_OBJC_ARC = YES;
				CLANG_ENABLE_OBJC_WEAK = YES;
				CLANG_WARN_BLOCK_CAPTURE_AUTORELEASING = YES;
				CLANG_WARN_BOOL_CONVERSION = YES;
				CLANG_WARN_COMMA = YES;
				CLANG_WARN_CONSTANT_CONVERSION = YES;
				CLANG_WARN_DEPRECATED_OBJC_IMPLEMENTATIONS = YES;
				CLANG_WARN_DIRECT_OBJC_ISA_USAGE = YES_ERROR;
				CLANG_WARN_DOCUMENTATION_COMMENTS = YES;
				CLANG_WARN_EMPTY_BODY = YES;
				CLANG_WARN_ENUM_CONVERSION = YES;
				CLANG_WARN_INFINITE_RECURSION = YES;
				CLANG_WARN_INT_CONVERSION = YES;
				CLANG_WARN_NON_LITERAL_NULL_CONVERSION = YES;
				CLANG_WARN_OBJC_IMPLICIT_RETAIN_SELF = YES;
				CLANG_WARN_OBJC_LITERAL_CONVERSION = YES;
				CLANG_WARN_OBJC_ROOT_CLASS = YES_ERROR;
				CLANG_WARN_RANGE_LOOP_ANALYSIS = YES;
				CLANG_WARN_STRICT_PROTOTYPES = YES;
				CLANG_WARN_SUSPICIOUS_MOVE = YES;
				CLANG_WARN_UNGUARDED_AVAILABILITY = YES_AGGRESSIVE;
				CLANG_WARN_UNREACHABLE_CODE = YES;
				CLANG_WARN__DUPLICATE_METHOD_MATCH = YES;
				CODE_SIGN_IDENTITY = "iPhone Developer";
				COPY_PHASE_STRIP = NO;
				DEBUG_INFORMATION_FORMAT = dwarf;
				ENABLE_STRICT_OBJC_MSGSEND = YES;
				ENABLE_TESTABILITY = YES;
				GCC_C_LANGUAGE_STANDARD = gnu11;
				GCC_DYNAMIC_NO_PIC = NO;
				GCC_NO_COMMON_BLOCKS = YES;
				GCC_OPTIMIZATION_LEVEL = 0;
				GCC_PREPROCESSOR_DEFINITIONS = (
					"DEBUG=1",
					"$(inherited)",
				);
				GCC_WARN_64_TO_32_BIT_CONVERSION = YES;
				GCC_WARN_ABOUT_RETURN_TYPE = YES_ERROR;
				GCC_WARN_UNDECLARED_SELECTOR = YES;
				GCC_WARN_UNINITIALIZED_AUTOS = YES_AGGRESSIVE;
				GCC_WARN_UNUSED_FUNCTION = YES;
				GCC_WARN_UNUSED_VARIABLE = YES;
				IPHONEOS_DEPLOYMENT_TARGET = 12.2;
				MTL_ENABLE_DEBUG_INFO = INCLUDE_SOURCE;
				MTL_FAST_MATH = YES;
				ONLY_ACTIVE_ARCH = YES;
				SDKROOT = iphoneos;
				SWIFT_ACTIVE_COMPILATION_CONDITIONS = DEBUG;
				SWIFT_OPTIMIZATION_LEVEL = "-Onone";
			};
			name = Debug;
		};
		D10067AD2309AA2500114F6E /* Release */ = {
			isa = XCBuildConfiguration;
			buildSettings = {
				ALWAYS_SEARCH_USER_PATHS = NO;
				CLANG_ANALYZER_NONNULL = YES;
				CLANG_ANALYZER_NUMBER_OBJECT_CONVERSION = YES_AGGRESSIVE;
				CLANG_CXX_LANGUAGE_STANDARD = "gnu++14";
				CLANG_CXX_LIBRARY = "libc++";
				CLANG_ENABLE_MODULES = YES;
				CLANG_ENABLE_OBJC_ARC = YES;
				CLANG_ENABLE_OBJC_WEAK = YES;
				CLANG_WARN_BLOCK_CAPTURE_AUTORELEASING = YES;
				CLANG_WARN_BOOL_CONVERSION = YES;
				CLANG_WARN_COMMA = YES;
				CLANG_WARN_CONSTANT_CONVERSION = YES;
				CLANG_WARN_DEPRECATED_OBJC_IMPLEMENTATIONS = YES;
				CLANG_WARN_DIRECT_OBJC_ISA_USAGE = YES_ERROR;
				CLANG_WARN_DOCUMENTATION_COMMENTS = YES;
				CLANG_WARN_EMPTY_BODY = YES;
				CLANG_WARN_ENUM_CONVERSION = YES;
				CLANG_WARN_INFINITE_RECURSION = YES;
				CLANG_WARN_INT_CONVERSION = YES;
				CLANG_WARN_NON_LITERAL_NULL_CONVERSION = YES;
				CLANG_WARN_OBJC_IMPLICIT_RETAIN_SELF = YES;
				CLANG_WARN_OBJC_LITERAL_CONVERSION = YES;
				CLANG_WARN_OBJC_ROOT_CLASS = YES_ERROR;
				CLANG_WARN_RANGE_LOOP_ANALYSIS = YES;
				CLANG_WARN_STRICT_PROTOTYPES = YES;
				CLANG_WARN_SUSPICIOUS_MOVE = YES;
				CLANG_WARN_UNGUARDED_AVAILABILITY = YES_AGGRESSIVE;
				CLANG_WARN_UNREACHABLE_CODE = YES;
				CLANG_WARN__DUPLICATE_METHOD_MATCH = YES;
				CODE_SIGN_IDENTITY = "iPhone Developer";
				COPY_PHASE_STRIP = NO;
				DEBUG_INFORMATION_FORMAT = "dwarf-with-dsym";
				ENABLE_NS_ASSERTIONS = NO;
				ENABLE_STRICT_OBJC_MSGSEND = YES;
				GCC_C_LANGUAGE_STANDARD = gnu11;
				GCC_NO_COMMON_BLOCKS = YES;
				GCC_WARN_64_TO_32_BIT_CONVERSION = YES;
				GCC_WARN_ABOUT_RETURN_TYPE = YES_ERROR;
				GCC_WARN_UNDECLARED_SELECTOR = YES;
				GCC_WARN_UNINITIALIZED_AUTOS = YES_AGGRESSIVE;
				GCC_WARN_UNUSED_FUNCTION = YES;
				GCC_WARN_UNUSED_VARIABLE = YES;
				IPHONEOS_DEPLOYMENT_TARGET = 12.2;
				MTL_ENABLE_DEBUG_INFO = NO;
				MTL_FAST_MATH = YES;
				SDKROOT = iphoneos;
				SWIFT_COMPILATION_MODE = wholemodule;
				SWIFT_OPTIMIZATION_LEVEL = "-O";
				VALIDATE_PRODUCT = YES;
			};
			name = Release;
		};
		D10067AF2309AA2500114F6E /* Debug */ = {
			isa = XCBuildConfiguration;
			baseConfigurationReference = C32D98C07F93022F3241400A /* Pods-Gwin.debug.xcconfig */;
			buildSettings = {
				ASSETCATALOG_COMPILER_APPICON_NAME = AppIcon;
				CODE_SIGN_STYLE = Automatic;
				DEVELOPMENT_TEAM = F59XSVKP6X;
				INFOPLIST_FILE = Gwin/Info.plist;
				IPHONEOS_DEPLOYMENT_TARGET = 9.0;
				LD_RUNPATH_SEARCH_PATHS = (
					"$(inherited)",
					"@executable_path/Frameworks",
				);
				PRODUCT_BUNDLE_IDENTIFIER = com.gwin.redenvelope;
				PRODUCT_NAME = "$(TARGET_NAME)";
				SWIFT_VERSION = 5.0;
				TARGETED_DEVICE_FAMILY = "1,2";
			};
			name = Debug;
		};
		D10067B02309AA2500114F6E /* Release */ = {
			isa = XCBuildConfiguration;
			baseConfigurationReference = F8455A52255EC42C57478B9D /* Pods-Gwin.release.xcconfig */;
			buildSettings = {
				ASSETCATALOG_COMPILER_APPICON_NAME = AppIcon;
				CODE_SIGN_STYLE = Automatic;
				DEVELOPMENT_TEAM = F59XSVKP6X;
				INFOPLIST_FILE = Gwin/Info.plist;
				IPHONEOS_DEPLOYMENT_TARGET = 9.0;
				LD_RUNPATH_SEARCH_PATHS = (
					"$(inherited)",
					"@executable_path/Frameworks",
				);
				PRODUCT_BUNDLE_IDENTIFIER = com.gwin.redenvelope;
				PRODUCT_NAME = "$(TARGET_NAME)";
				SWIFT_VERSION = 5.0;
				TARGETED_DEVICE_FAMILY = "1,2";
			};
			name = Release;
		};
/* End XCBuildConfiguration section */

/* Begin XCConfigurationList section */
		D10067942309AA1E00114F6E /* Build configuration list for PBXProject "Gwin" */ = {
			isa = XCConfigurationList;
			buildConfigurations = (
				D10067AC2309AA2500114F6E /* Debug */,
				D10067AD2309AA2500114F6E /* Release */,
			);
			defaultConfigurationIsVisible = 0;
			defaultConfigurationName = Release;
		};
		D10067AE2309AA2500114F6E /* Build configuration list for PBXNativeTarget "Gwin" */ = {
			isa = XCConfigurationList;
			buildConfigurations = (
				D10067AF2309AA2500114F6E /* Debug */,
				D10067B02309AA2500114F6E /* Release */,
			);
			defaultConfigurationIsVisible = 0;
			defaultConfigurationName = Release;
		};
/* End XCConfigurationList section */

/* Begin XCVersionGroup section */
		D10067A32309AA1F00114F6E /* Gwin.xcdatamodeld */ = {
			isa = XCVersionGroup;
			children = (
				D10067A42309AA1F00114F6E /* Gwin.xcdatamodel */,
			);
			currentVersion = D10067A42309AA1F00114F6E /* Gwin.xcdatamodel */;
			path = Gwin.xcdatamodeld;
			sourceTree = "<group>";
			versionGroupType = wrapper.xcdatamodel;
		};
/* End XCVersionGroup section */
	};
	rootObject = D10067912309AA1E00114F6E /* Project object */;
}
